// !$*UTF8*$!
{
	archiveVersion = 1;
	classes = {
	};
	objectVersion = 46;
	objects = {

/* Begin PBXBuildFile section */
		071C366017BE0478008EDF40 /* HTBAuthorizeEntry.m in Sources */ = {isa = PBXBuildFile; fileRef = 071C365F17BE0478008EDF40 /* HTBAuthorizeEntry.m */; };
		078698AC17CF4A06007DDCC9 /* main.m in Sources */ = {isa = PBXBuildFile; fileRef = 267CCBEB178A5D3900063953 /* main.m */; };
		078698AD17CF4A06007DDCC9 /* HTBAppDelegate.m in Sources */ = {isa = PBXBuildFile; fileRef = 267CCBEF178A5D3900063953 /* HTBAppDelegate.m */; };
		078698AE17CF4A06007DDCC9 /* HTBDemoViewController.m in Sources */ = {isa = PBXBuildFile; fileRef = 267CCBF5178A5D3900063953 /* HTBDemoViewController.m */; };
		078698AF17CF4A06007DDCC9 /* HTBHatenaBookmarkActivity.m in Sources */ = {isa = PBXBuildFile; fileRef = 260BE3E917AF1E2600BEA288 /* HTBHatenaBookmarkActivity.m */; };
		078698B017CF4A06007DDCC9 /* HTBBookmarkedDataEntry.m in Sources */ = {isa = PBXBuildFile; fileRef = 260BE3EE17AF1E2600BEA288 /* HTBBookmarkedDataEntry.m */; };
		078698B117CF4A06007DDCC9 /* HTBBookmarkEntry.m in Sources */ = {isa = PBXBuildFile; fileRef = 260BE3F017AF1E2600BEA288 /* HTBBookmarkEntry.m */; };
		078698B217CF4A06007DDCC9 /* HTBMyEntry.m in Sources */ = {isa = PBXBuildFile; fileRef = 260BE3F217AF1E2600BEA288 /* HTBMyEntry.m */; };
		078698B317CF4A06007DDCC9 /* HTBHatenaBookmarkManager.m in Sources */ = {isa = PBXBuildFile; fileRef = 260BE3F417AF1E2600BEA288 /* HTBHatenaBookmarkManager.m */; };
		078698B417CF4A06007DDCC9 /* HTBUserManager.m in Sources */ = {isa = PBXBuildFile; fileRef = 260BE3F617AF1E2600BEA288 /* HTBUserManager.m */; };
		078698B517CF4A06007DDCC9 /* HTBTagTokenizer.m in Sources */ = {isa = PBXBuildFile; fileRef = 260BE3F917AF1E2600BEA288 /* HTBTagTokenizer.m */; };
		078698B617CF4A06007DDCC9 /* HTBBookmarkEntryView.m in Sources */ = {isa = PBXBuildFile; fileRef = 260BE3FC17AF1E2600BEA288 /* HTBBookmarkEntryView.m */; };
		078698B717CF4A06007DDCC9 /* HTBBookmarkRootView.m in Sources */ = {isa = PBXBuildFile; fileRef = 260BE3FE17AF1E2600BEA288 /* HTBBookmarkRootView.m */; };
		078698B817CF4A06007DDCC9 /* HTBBookmarkToolbarView.m in Sources */ = {isa = PBXBuildFile; fileRef = 260BE40017AF1E2600BEA288 /* HTBBookmarkToolbarView.m */; };
		078698B917CF4A06007DDCC9 /* HTBNavigationBar.m in Sources */ = {isa = PBXBuildFile; fileRef = 260BE40217AF1E2600BEA288 /* HTBNavigationBar.m */; };
		078698BA17CF4A06007DDCC9 /* HTBPlaceholderTextView.m in Sources */ = {isa = PBXBuildFile; fileRef = 260BE40417AF1E2600BEA288 /* HTBPlaceholderTextView.m */; };
		078698BB17CF4A06007DDCC9 /* HTBTagInputView.m in Sources */ = {isa = PBXBuildFile; fileRef = 260BE40617AF1E2600BEA288 /* HTBTagInputView.m */; };
		078698BC17CF4A06007DDCC9 /* HTBTagTextField.m in Sources */ = {isa = PBXBuildFile; fileRef = 260BE40817AF1E2600BEA288 /* HTBTagTextField.m */; };
		078698BD17CF4A06007DDCC9 /* HTBTagToolbarView.m in Sources */ = {isa = PBXBuildFile; fileRef = 260BE40A17AF1E2600BEA288 /* HTBTagToolbarView.m */; };
		078698BE17CF4A06007DDCC9 /* HTBToggleButton.m in Sources */ = {isa = PBXBuildFile; fileRef = 260BE40C17AF1E2600BEA288 /* HTBToggleButton.m */; };
		078698BF17CF4A06007DDCC9 /* HTBBookmarkViewController.m in Sources */ = {isa = PBXBuildFile; fileRef = 260BE40F17AF1E2600BEA288 /* HTBBookmarkViewController.m */; };
		078698C017CF4A06007DDCC9 /* HTBCommentViewController.m in Sources */ = {isa = PBXBuildFile; fileRef = 260BE41117AF1E2600BEA288 /* HTBCommentViewController.m */; };
		078698C117CF4A06007DDCC9 /* HTBLoginWebViewController.m in Sources */ = {isa = PBXBuildFile; fileRef = 260BE41317AF1E2600BEA288 /* HTBLoginWebViewController.m */; };
		078698C217CF4A06007DDCC9 /* HTBHatenaBookmarkViewController.m in Sources */ = {isa = PBXBuildFile; fileRef = 260BE41517AF1E2600BEA288 /* HTBHatenaBookmarkViewController.m */; };
		078698C317CF4A06007DDCC9 /* HTBUtility.m in Sources */ = {isa = PBXBuildFile; fileRef = 268A35CB17AF32D60089ED47 /* HTBUtility.m */; };
		078698C417CF4A06007DDCC9 /* HTBHatenaBookmarkAPIClient.m in Sources */ = {isa = PBXBuildFile; fileRef = 26F6F1BC17B0A7D1002475CF /* HTBHatenaBookmarkAPIClient.m */; };
		078698C517CF4A06007DDCC9 /* HTBAFOAuth1Client.m in Sources */ = {isa = PBXBuildFile; fileRef = 26F6F1BF17B0A7DB002475CF /* HTBAFOAuth1Client.m */; };
		078698C617CF4A06007DDCC9 /* SFHFKeychainUtils.m in Sources */ = {isa = PBXBuildFile; fileRef = 26F6F1C617B0D48D002475CF /* SFHFKeychainUtils.m */; settings = {COMPILER_FLAGS = "-fno-objc-arc"; }; };
		078698C717CF4A06007DDCC9 /* AFHTTPClient.m in Sources */ = {isa = PBXBuildFile; fileRef = 26F6F1CA17B0D4BC002475CF /* AFHTTPClient.m */; };
		078698C817CF4A06007DDCC9 /* AFHTTPRequestOperation.m in Sources */ = {isa = PBXBuildFile; fileRef = 26F6F1CC17B0D4BC002475CF /* AFHTTPRequestOperation.m */; };
		078698C917CF4A06007DDCC9 /* AFImageRequestOperation.m in Sources */ = {isa = PBXBuildFile; fileRef = 26F6F1CE17B0D4BC002475CF /* AFImageRequestOperation.m */; };
		078698CA17CF4A06007DDCC9 /* AFJSONRequestOperation.m in Sources */ = {isa = PBXBuildFile; fileRef = 26F6F1D017B0D4BC002475CF /* AFJSONRequestOperation.m */; };
		078698CB17CF4A06007DDCC9 /* AFNetworkActivityIndicatorManager.m in Sources */ = {isa = PBXBuildFile; fileRef = 26F6F1D217B0D4BC002475CF /* AFNetworkActivityIndicatorManager.m */; };
		078698CC17CF4A06007DDCC9 /* AFPropertyListRequestOperation.m in Sources */ = {isa = PBXBuildFile; fileRef = 26F6F1D517B0D4BC002475CF /* AFPropertyListRequestOperation.m */; };
		078698CD17CF4A06007DDCC9 /* AFURLConnectionOperation.m in Sources */ = {isa = PBXBuildFile; fileRef = 26F6F1D717B0D4BC002475CF /* AFURLConnectionOperation.m */; };
		078698CE17CF4A06007DDCC9 /* AFXMLRequestOperation.m in Sources */ = {isa = PBXBuildFile; fileRef = 26F6F1D917B0D4BC002475CF /* AFXMLRequestOperation.m */; };
		078698CF17CF4A06007DDCC9 /* UIImageView+AFNetworking.m in Sources */ = {isa = PBXBuildFile; fileRef = 26F6F1DB17B0D4BC002475CF /* UIImageView+AFNetworking.m */; };
		078698D017CF4A06007DDCC9 /* HTBMyTagsEntry.m in Sources */ = {isa = PBXBuildFile; fileRef = 265F3E9A17B21D1400A89747 /* HTBMyTagsEntry.m */; };
		078698D117CF4A06007DDCC9 /* HTBTagEntry.m in Sources */ = {isa = PBXBuildFile; fileRef = 265F3E9D17B21E4A00A89747 /* HTBTagEntry.m */; };
		078698D217CF4A06007DDCC9 /* HTBCanonicalEntry.m in Sources */ = {isa = PBXBuildFile; fileRef = 265F3EA217B2360E00A89747 /* HTBCanonicalEntry.m */; };
		078698D317CF4A06007DDCC9 /* HTBCanonicalView.m in Sources */ = {isa = PBXBuildFile; fileRef = 265F3EA517B339A100A89747 /* HTBCanonicalView.m */; };
		078698D417CF4A06007DDCC9 /* UIAlertView+HTBNSError.m in Sources */ = {isa = PBXBuildFile; fileRef = 265F3EA917B4EA2200A89747 /* UIAlertView+HTBNSError.m */; };
		078698D517CF4A06007DDCC9 /* HTBAuthorizeEntry.m in Sources */ = {isa = PBXBuildFile; fileRef = 071C365F17BE0478008EDF40 /* HTBAuthorizeEntry.m */; };
		078698D717CF4A06007DDCC9 /* MobileCoreServices.framework in Frameworks */ = {isa = PBXBuildFile; fileRef = 265F3E9F17B22A2C00A89747 /* MobileCoreServices.framework */; };
		078698D817CF4A06007DDCC9 /* Security.framework in Frameworks */ = {isa = PBXBuildFile; fileRef = 26CA7E1117B0EED80091FF33 /* Security.framework */; };
		078698D917CF4A06007DDCC9 /* SystemConfiguration.framework in Frameworks */ = {isa = PBXBuildFile; fileRef = 26F6F1E517B0D549002475CF /* SystemConfiguration.framework */; };
		078698DA17CF4A06007DDCC9 /* QuartzCore.framework in Frameworks */ = {isa = PBXBuildFile; fileRef = 269DCCCE17A644E900CDCDC0 /* QuartzCore.framework */; };
		078698DB17CF4A06007DDCC9 /* CoreGraphics.framework in Frameworks */ = {isa = PBXBuildFile; fileRef = 267CCBE1178A5D3900063953 /* CoreGraphics.framework */; };
		078698DC17CF4A06007DDCC9 /* UIKit.framework in Frameworks */ = {isa = PBXBuildFile; fileRef = 267CCBE3178A5D3900063953 /* UIKit.framework */; };
		078698DD17CF4A06007DDCC9 /* Foundation.framework in Frameworks */ = {isa = PBXBuildFile; fileRef = 267CCBDF178A5D3900063953 /* Foundation.framework */; };
		078698DF17CF4A06007DDCC9 /* InfoPlist.strings in Resources */ = {isa = PBXBuildFile; fileRef = 267CCBE8178A5D3900063953 /* InfoPlist.strings */; };
		078698E017CF4A06007DDCC9 /* Main.storyboard in Resources */ = {isa = PBXBuildFile; fileRef = 267CCBF1178A5D3900063953 /* Main.storyboard */; };
		078698E117CF4A06007DDCC9 /* Default-568h@2x.png in Resources */ = {isa = PBXBuildFile; fileRef = 2678C50217A0F25E0016E4B4 /* Default-568h@2x.png */; };
		078698E217CF4A06007DDCC9 /* HTBResources.bundle in Resources */ = {isa = PBXBuildFile; fileRef = 26F6F1C117B0BB43002475CF /* HTBResources.bundle */; };
		078698EC17CF4BAA007DDCC9 /* HTBAutomationHelper.m in Sources */ = {isa = PBXBuildFile; fileRef = 078698EB17CF4BAA007DDCC9 /* HTBAutomationHelper.m */; };
		078699CE17CF500F007DDCC9 /* NSData+Nocilla.m in Sources */ = {isa = PBXBuildFile; fileRef = 0786999417CF500F007DDCC9 /* NSData+Nocilla.m */; };
		078699CF17CF500F007DDCC9 /* NSString+Nocilla.m in Sources */ = {isa = PBXBuildFile; fileRef = 0786999617CF500F007DDCC9 /* NSString+Nocilla.m */; };
		078699D017CF500F007DDCC9 /* LSHTTPRequestDiff.m in Sources */ = {isa = PBXBuildFile; fileRef = 0786999917CF500F007DDCC9 /* LSHTTPRequestDiff.m */; };
		078699D117CF500F007DDCC9 /* LSHTTPRequestDSLRepresentation.m in Sources */ = {isa = PBXBuildFile; fileRef = 0786999D17CF500F007DDCC9 /* LSHTTPRequestDSLRepresentation.m */; };
		078699D217CF500F007DDCC9 /* LSStubRequestDSL.m in Sources */ = {isa = PBXBuildFile; fileRef = 0786999F17CF500F007DDCC9 /* LSStubRequestDSL.m */; };
		078699D317CF500F007DDCC9 /* LSStubResponseDSL.m in Sources */ = {isa = PBXBuildFile; fileRef = 078699A117CF500F007DDCC9 /* LSStubResponseDSL.m */; };
		078699D417CF500F007DDCC9 /* ASIHTTPRequestStub.m in Sources */ = {isa = PBXBuildFile; fileRef = 078699A517CF500F007DDCC9 /* ASIHTTPRequestStub.m */; };
		078699D517CF500F007DDCC9 /* LSASIHTTPRequestAdapter.m in Sources */ = {isa = PBXBuildFile; fileRef = 078699A717CF500F007DDCC9 /* LSASIHTTPRequestAdapter.m */; };
		078699D617CF500F007DDCC9 /* LSASIHTTPRequestHook.m in Sources */ = {isa = PBXBuildFile; fileRef = 078699A917CF500F007DDCC9 /* LSASIHTTPRequestHook.m */; };
		078699D717CF500F007DDCC9 /* LSHTTPClientHook.m in Sources */ = {isa = PBXBuildFile; fileRef = 078699AB17CF500F007DDCC9 /* LSHTTPClientHook.m */; };
		078699D817CF500F007DDCC9 /* LSHTTPStubURLProtocol.m in Sources */ = {isa = PBXBuildFile; fileRef = 078699AE17CF500F007DDCC9 /* LSHTTPStubURLProtocol.m */; };
		078699D917CF500F007DDCC9 /* LSNSURLHook.m in Sources */ = {isa = PBXBuildFile; fileRef = 078699B017CF500F007DDCC9 /* LSNSURLHook.m */; };
		078699DA17CF500F007DDCC9 /* NSURLRequest+DSL.m in Sources */ = {isa = PBXBuildFile; fileRef = 078699B217CF500F007DDCC9 /* NSURLRequest+DSL.m */; };
		078699DB17CF500F007DDCC9 /* NSURLRequest+LSHTTPRequest.m in Sources */ = {isa = PBXBuildFile; fileRef = 078699B417CF500F007DDCC9 /* NSURLRequest+LSHTTPRequest.m */; };
		078699DC17CF500F007DDCC9 /* LSNocilla.m in Sources */ = {isa = PBXBuildFile; fileRef = 078699B617CF500F007DDCC9 /* LSNocilla.m */; };
		078699DD17CF500F007DDCC9 /* LSMatcher.m in Sources */ = {isa = PBXBuildFile; fileRef = 078699BA17CF500F007DDCC9 /* LSMatcher.m */; };
		078699DE17CF500F007DDCC9 /* LSRegexMatcher.m in Sources */ = {isa = PBXBuildFile; fileRef = 078699BC17CF500F007DDCC9 /* LSRegexMatcher.m */; };
		078699DF17CF500F007DDCC9 /* LSStringMatcher.m in Sources */ = {isa = PBXBuildFile; fileRef = 078699BE17CF500F007DDCC9 /* LSStringMatcher.m */; };
		078699E017CF500F007DDCC9 /* NSRegularExpression+Matcheable.m in Sources */ = {isa = PBXBuildFile; fileRef = 078699C017CF500F007DDCC9 /* NSRegularExpression+Matcheable.m */; };
		078699E117CF500F007DDCC9 /* NSString+Matcheable.m in Sources */ = {isa = PBXBuildFile; fileRef = 078699C217CF500F007DDCC9 /* NSString+Matcheable.m */; };
		078699E217CF500F007DDCC9 /* LSStubRequest.m in Sources */ = {isa = PBXBuildFile; fileRef = 078699CB17CF500F007DDCC9 /* LSStubRequest.m */; };
		078699E317CF500F007DDCC9 /* LSStubResponse.m in Sources */ = {isa = PBXBuildFile; fileRef = 078699CD17CF500F007DDCC9 /* LSStubResponse.m */; };
		078699E517CF5161007DDCC9 /* CFNetwork.framework in Frameworks */ = {isa = PBXBuildFile; fileRef = 078699E417CF5161007DDCC9 /* CFNetwork.framework */; };
		07B2759217D719D6000412EB /* DemoAppForAutomation-Info.plist in Resources */ = {isa = PBXBuildFile; fileRef = 07B2759117D719D6000412EB /* DemoAppForAutomation-Info.plist */; };
		07E8AFE017D9C25300AEB3B3 /* dummy_top.html in Resources */ = {isa = PBXBuildFile; fileRef = 07E8AFDF17D9C25300AEB3B3 /* dummy_top.html */; };
		1AB89F934E5BFFF71A50F635 /* favicon.ico in Resources */ = {isa = PBXBuildFile; fileRef = 1AB89BC1D89F3C00FAC517A0 /* favicon.ico */; };
		260BE44D17AF1E2600BEA288 /* HTBHatenaBookmarkActivity.m in Sources */ = {isa = PBXBuildFile; fileRef = 260BE3E917AF1E2600BEA288 /* HTBHatenaBookmarkActivity.m */; };
		260BE44F17AF1E2600BEA288 /* HTBBookmarkedDataEntry.m in Sources */ = {isa = PBXBuildFile; fileRef = 260BE3EE17AF1E2600BEA288 /* HTBBookmarkedDataEntry.m */; };
		260BE45017AF1E2600BEA288 /* HTBBookmarkEntry.m in Sources */ = {isa = PBXBuildFile; fileRef = 260BE3F017AF1E2600BEA288 /* HTBBookmarkEntry.m */; };
		260BE45117AF1E2600BEA288 /* HTBMyEntry.m in Sources */ = {isa = PBXBuildFile; fileRef = 260BE3F217AF1E2600BEA288 /* HTBMyEntry.m */; };
		260BE45217AF1E2600BEA288 /* HTBHatenaBookmarkManager.m in Sources */ = {isa = PBXBuildFile; fileRef = 260BE3F417AF1E2600BEA288 /* HTBHatenaBookmarkManager.m */; };
		260BE45317AF1E2600BEA288 /* HTBUserManager.m in Sources */ = {isa = PBXBuildFile; fileRef = 260BE3F617AF1E2600BEA288 /* HTBUserManager.m */; };
		260BE45417AF1E2600BEA288 /* HTBTagTokenizer.m in Sources */ = {isa = PBXBuildFile; fileRef = 260BE3F917AF1E2600BEA288 /* HTBTagTokenizer.m */; };
		260BE45517AF1E2600BEA288 /* HTBBookmarkEntryView.m in Sources */ = {isa = PBXBuildFile; fileRef = 260BE3FC17AF1E2600BEA288 /* HTBBookmarkEntryView.m */; };
		260BE45617AF1E2600BEA288 /* HTBBookmarkRootView.m in Sources */ = {isa = PBXBuildFile; fileRef = 260BE3FE17AF1E2600BEA288 /* HTBBookmarkRootView.m */; };
		260BE45717AF1E2600BEA288 /* HTBBookmarkToolbarView.m in Sources */ = {isa = PBXBuildFile; fileRef = 260BE40017AF1E2600BEA288 /* HTBBookmarkToolbarView.m */; };
		260BE45817AF1E2600BEA288 /* HTBNavigationBar.m in Sources */ = {isa = PBXBuildFile; fileRef = 260BE40217AF1E2600BEA288 /* HTBNavigationBar.m */; };
		260BE45917AF1E2600BEA288 /* HTBPlaceholderTextView.m in Sources */ = {isa = PBXBuildFile; fileRef = 260BE40417AF1E2600BEA288 /* HTBPlaceholderTextView.m */; };
		260BE45A17AF1E2600BEA288 /* HTBTagInputView.m in Sources */ = {isa = PBXBuildFile; fileRef = 260BE40617AF1E2600BEA288 /* HTBTagInputView.m */; };
		260BE45B17AF1E2600BEA288 /* HTBTagTextField.m in Sources */ = {isa = PBXBuildFile; fileRef = 260BE40817AF1E2600BEA288 /* HTBTagTextField.m */; };
		260BE45C17AF1E2600BEA288 /* HTBTagToolbarView.m in Sources */ = {isa = PBXBuildFile; fileRef = 260BE40A17AF1E2600BEA288 /* HTBTagToolbarView.m */; };
		260BE45D17AF1E2600BEA288 /* HTBToggleButton.m in Sources */ = {isa = PBXBuildFile; fileRef = 260BE40C17AF1E2600BEA288 /* HTBToggleButton.m */; };
		260BE45E17AF1E2600BEA288 /* HTBBookmarkViewController.m in Sources */ = {isa = PBXBuildFile; fileRef = 260BE40F17AF1E2600BEA288 /* HTBBookmarkViewController.m */; };
		260BE45F17AF1E2600BEA288 /* HTBCommentViewController.m in Sources */ = {isa = PBXBuildFile; fileRef = 260BE41117AF1E2600BEA288 /* HTBCommentViewController.m */; };
		260BE46017AF1E2600BEA288 /* HTBLoginWebViewController.m in Sources */ = {isa = PBXBuildFile; fileRef = 260BE41317AF1E2600BEA288 /* HTBLoginWebViewController.m */; };
		260BE46117AF1E2600BEA288 /* HTBHatenaBookmarkViewController.m in Sources */ = {isa = PBXBuildFile; fileRef = 260BE41517AF1E2600BEA288 /* HTBHatenaBookmarkViewController.m */; };
		265F3E9B17B21D1400A89747 /* HTBMyTagsEntry.m in Sources */ = {isa = PBXBuildFile; fileRef = 265F3E9A17B21D1400A89747 /* HTBMyTagsEntry.m */; };
		265F3E9E17B21E4A00A89747 /* HTBTagEntry.m in Sources */ = {isa = PBXBuildFile; fileRef = 265F3E9D17B21E4A00A89747 /* HTBTagEntry.m */; };
		265F3EA017B22A2C00A89747 /* MobileCoreServices.framework in Frameworks */ = {isa = PBXBuildFile; fileRef = 265F3E9F17B22A2C00A89747 /* MobileCoreServices.framework */; };
		265F3EA317B2360E00A89747 /* HTBCanonicalEntry.m in Sources */ = {isa = PBXBuildFile; fileRef = 265F3EA217B2360E00A89747 /* HTBCanonicalEntry.m */; };
		265F3EA617B339A200A89747 /* HTBCanonicalView.m in Sources */ = {isa = PBXBuildFile; fileRef = 265F3EA517B339A100A89747 /* HTBCanonicalView.m */; };
		265F3EAA17B4EA2200A89747 /* UIAlertView+HTBNSError.m in Sources */ = {isa = PBXBuildFile; fileRef = 265F3EA917B4EA2200A89747 /* UIAlertView+HTBNSError.m */; };
		2678C50317A0F25E0016E4B4 /* Default-568h@2x.png in Resources */ = {isa = PBXBuildFile; fileRef = 2678C50217A0F25E0016E4B4 /* Default-568h@2x.png */; };
		267CCBE0178A5D3900063953 /* Foundation.framework in Frameworks */ = {isa = PBXBuildFile; fileRef = 267CCBDF178A5D3900063953 /* Foundation.framework */; };
		267CCBE2178A5D3900063953 /* CoreGraphics.framework in Frameworks */ = {isa = PBXBuildFile; fileRef = 267CCBE1178A5D3900063953 /* CoreGraphics.framework */; };
		267CCBE4178A5D3900063953 /* UIKit.framework in Frameworks */ = {isa = PBXBuildFile; fileRef = 267CCBE3178A5D3900063953 /* UIKit.framework */; };
		267CCBEA178A5D3900063953 /* InfoPlist.strings in Resources */ = {isa = PBXBuildFile; fileRef = 267CCBE8178A5D3900063953 /* InfoPlist.strings */; };
		267CCBEC178A5D3900063953 /* main.m in Sources */ = {isa = PBXBuildFile; fileRef = 267CCBEB178A5D3900063953 /* main.m */; };
		267CCBF0178A5D3900063953 /* HTBAppDelegate.m in Sources */ = {isa = PBXBuildFile; fileRef = 267CCBEF178A5D3900063953 /* HTBAppDelegate.m */; };
		267CCBF3178A5D3900063953 /* Main.storyboard in Resources */ = {isa = PBXBuildFile; fileRef = 267CCBF1178A5D3900063953 /* Main.storyboard */; };
		267CCBF6178A5D3900063953 /* HTBDemoViewController.m in Sources */ = {isa = PBXBuildFile; fileRef = 267CCBF5178A5D3900063953 /* HTBDemoViewController.m */; };
		268A35CC17AF32D60089ED47 /* HTBUtility.m in Sources */ = {isa = PBXBuildFile; fileRef = 268A35CB17AF32D60089ED47 /* HTBUtility.m */; };
		269DCCCF17A644E900CDCDC0 /* QuartzCore.framework in Frameworks */ = {isa = PBXBuildFile; fileRef = 269DCCCE17A644E900CDCDC0 /* QuartzCore.framework */; };
		26CA7E1217B0EED80091FF33 /* Security.framework in Frameworks */ = {isa = PBXBuildFile; fileRef = 26CA7E1117B0EED80091FF33 /* Security.framework */; };
		26F6F1BD17B0A7D1002475CF /* HTBHatenaBookmarkAPIClient.m in Sources */ = {isa = PBXBuildFile; fileRef = 26F6F1BC17B0A7D1002475CF /* HTBHatenaBookmarkAPIClient.m */; };
		26F6F1C017B0A7DB002475CF /* HTBAFOAuth1Client.m in Sources */ = {isa = PBXBuildFile; fileRef = 26F6F1BF17B0A7DB002475CF /* HTBAFOAuth1Client.m */; };
		26F6F1C217B0BB44002475CF /* HTBResources.bundle in Resources */ = {isa = PBXBuildFile; fileRef = 26F6F1C117B0BB43002475CF /* HTBResources.bundle */; };
		26F6F1C717B0D48D002475CF /* SFHFKeychainUtils.m in Sources */ = {isa = PBXBuildFile; fileRef = 26F6F1C617B0D48D002475CF /* SFHFKeychainUtils.m */; settings = {COMPILER_FLAGS = "-fno-objc-arc"; }; };
		26F6F1DC17B0D4BC002475CF /* AFHTTPClient.m in Sources */ = {isa = PBXBuildFile; fileRef = 26F6F1CA17B0D4BC002475CF /* AFHTTPClient.m */; };
		26F6F1DD17B0D4BC002475CF /* AFHTTPRequestOperation.m in Sources */ = {isa = PBXBuildFile; fileRef = 26F6F1CC17B0D4BC002475CF /* AFHTTPRequestOperation.m */; };
		26F6F1DE17B0D4BC002475CF /* AFImageRequestOperation.m in Sources */ = {isa = PBXBuildFile; fileRef = 26F6F1CE17B0D4BC002475CF /* AFImageRequestOperation.m */; };
		26F6F1DF17B0D4BC002475CF /* AFJSONRequestOperation.m in Sources */ = {isa = PBXBuildFile; fileRef = 26F6F1D017B0D4BC002475CF /* AFJSONRequestOperation.m */; };
		26F6F1E017B0D4BC002475CF /* AFNetworkActivityIndicatorManager.m in Sources */ = {isa = PBXBuildFile; fileRef = 26F6F1D217B0D4BC002475CF /* AFNetworkActivityIndicatorManager.m */; };
		26F6F1E117B0D4BC002475CF /* AFPropertyListRequestOperation.m in Sources */ = {isa = PBXBuildFile; fileRef = 26F6F1D517B0D4BC002475CF /* AFPropertyListRequestOperation.m */; };
		26F6F1E217B0D4BC002475CF /* AFURLConnectionOperation.m in Sources */ = {isa = PBXBuildFile; fileRef = 26F6F1D717B0D4BC002475CF /* AFURLConnectionOperation.m */; };
		26F6F1E317B0D4BC002475CF /* AFXMLRequestOperation.m in Sources */ = {isa = PBXBuildFile; fileRef = 26F6F1D917B0D4BC002475CF /* AFXMLRequestOperation.m */; };
		26F6F1E417B0D4BC002475CF /* UIImageView+AFNetworking.m in Sources */ = {isa = PBXBuildFile; fileRef = 26F6F1DB17B0D4BC002475CF /* UIImageView+AFNetworking.m */; };
		26F6F1E617B0D549002475CF /* SystemConfiguration.framework in Frameworks */ = {isa = PBXBuildFile; fileRef = 26F6F1E517B0D549002475CF /* SystemConfiguration.framework */; };
/* End PBXBuildFile section */

/* Begin PBXFileReference section */
		071808E217D86A4F00384F1B /* HTBMacro.h */ = {isa = PBXFileReference; fileEncoding = 4; lastKnownFileType = sourcecode.c.h; path = HTBMacro.h; sourceTree = "<group>"; };
		071C365E17BE0478008EDF40 /* HTBAuthorizeEntry.h */ = {isa = PBXFileReference; fileEncoding = 4; lastKnownFileType = sourcecode.c.h; path = HTBAuthorizeEntry.h; sourceTree = "<group>"; };
		071C365F17BE0478008EDF40 /* HTBAuthorizeEntry.m */ = {isa = PBXFileReference; fileEncoding = 4; lastKnownFileType = sourcecode.c.objc; path = HTBAuthorizeEntry.m; sourceTree = "<group>"; };
		078698E717CF4A06007DDCC9 /* DemoAppForAutomation.app */ = {isa = PBXFileReference; explicitFileType = wrapper.application; includeInIndex = 0; path = DemoAppForAutomation.app; sourceTree = BUILT_PRODUCTS_DIR; };
		078698EA17CF4BAA007DDCC9 /* HTBAutomationHelper.h */ = {isa = PBXFileReference; fileEncoding = 4; lastKnownFileType = sourcecode.c.h; path = HTBAutomationHelper.h; sourceTree = "<group>"; };
		078698EB17CF4BAA007DDCC9 /* HTBAutomationHelper.m */ = {isa = PBXFileReference; fileEncoding = 4; lastKnownFileType = sourcecode.c.objc; path = HTBAutomationHelper.m; sourceTree = "<group>"; };
		0786999317CF500F007DDCC9 /* NSData+Nocilla.h */ = {isa = PBXFileReference; fileEncoding = 4; lastKnownFileType = sourcecode.c.h; path = "NSData+Nocilla.h"; sourceTree = "<group>"; };
		0786999417CF500F007DDCC9 /* NSData+Nocilla.m */ = {isa = PBXFileReference; fileEncoding = 4; lastKnownFileType = sourcecode.c.objc; path = "NSData+Nocilla.m"; sourceTree = "<group>"; };
		0786999517CF500F007DDCC9 /* NSString+Nocilla.h */ = {isa = PBXFileReference; fileEncoding = 4; lastKnownFileType = sourcecode.c.h; path = "NSString+Nocilla.h"; sourceTree = "<group>"; };
		0786999617CF500F007DDCC9 /* NSString+Nocilla.m */ = {isa = PBXFileReference; fileEncoding = 4; lastKnownFileType = sourcecode.c.objc; path = "NSString+Nocilla.m"; sourceTree = "<group>"; };
		0786999817CF500F007DDCC9 /* LSHTTPRequestDiff.h */ = {isa = PBXFileReference; fileEncoding = 4; lastKnownFileType = sourcecode.c.h; path = LSHTTPRequestDiff.h; sourceTree = "<group>"; };
		0786999917CF500F007DDCC9 /* LSHTTPRequestDiff.m */ = {isa = PBXFileReference; fileEncoding = 4; lastKnownFileType = sourcecode.c.objc; path = LSHTTPRequestDiff.m; sourceTree = "<group>"; };
		0786999B17CF500F007DDCC9 /* DSL.h */ = {isa = PBXFileReference; fileEncoding = 4; lastKnownFileType = sourcecode.c.h; path = DSL.h; sourceTree = "<group>"; };
		0786999C17CF500F007DDCC9 /* LSHTTPRequestDSLRepresentation.h */ = {isa = PBXFileReference; fileEncoding = 4; lastKnownFileType = sourcecode.c.h; path = LSHTTPRequestDSLRepresentation.h; sourceTree = "<group>"; };
		0786999D17CF500F007DDCC9 /* LSHTTPRequestDSLRepresentation.m */ = {isa = PBXFileReference; fileEncoding = 4; lastKnownFileType = sourcecode.c.objc; path = LSHTTPRequestDSLRepresentation.m; sourceTree = "<group>"; };
		0786999E17CF500F007DDCC9 /* LSStubRequestDSL.h */ = {isa = PBXFileReference; fileEncoding = 4; lastKnownFileType = sourcecode.c.h; path = LSStubRequestDSL.h; sourceTree = "<group>"; };
		0786999F17CF500F007DDCC9 /* LSStubRequestDSL.m */ = {isa = PBXFileReference; fileEncoding = 4; lastKnownFileType = sourcecode.c.objc; path = LSStubRequestDSL.m; sourceTree = "<group>"; };
		078699A017CF500F007DDCC9 /* LSStubResponseDSL.h */ = {isa = PBXFileReference; fileEncoding = 4; lastKnownFileType = sourcecode.c.h; path = LSStubResponseDSL.h; sourceTree = "<group>"; };
		078699A117CF500F007DDCC9 /* LSStubResponseDSL.m */ = {isa = PBXFileReference; fileEncoding = 4; lastKnownFileType = sourcecode.c.objc; path = LSStubResponseDSL.m; sourceTree = "<group>"; };
		078699A417CF500F007DDCC9 /* ASIHTTPRequestStub.h */ = {isa = PBXFileReference; fileEncoding = 4; lastKnownFileType = sourcecode.c.h; path = ASIHTTPRequestStub.h; sourceTree = "<group>"; };
		078699A517CF500F007DDCC9 /* ASIHTTPRequestStub.m */ = {isa = PBXFileReference; fileEncoding = 4; lastKnownFileType = sourcecode.c.objc; path = ASIHTTPRequestStub.m; sourceTree = "<group>"; };
		078699A617CF500F007DDCC9 /* LSASIHTTPRequestAdapter.h */ = {isa = PBXFileReference; fileEncoding = 4; lastKnownFileType = sourcecode.c.h; path = LSASIHTTPRequestAdapter.h; sourceTree = "<group>"; };
		078699A717CF500F007DDCC9 /* LSASIHTTPRequestAdapter.m */ = {isa = PBXFileReference; fileEncoding = 4; lastKnownFileType = sourcecode.c.objc; path = LSASIHTTPRequestAdapter.m; sourceTree = "<group>"; };
		078699A817CF500F007DDCC9 /* LSASIHTTPRequestHook.h */ = {isa = PBXFileReference; fileEncoding = 4; lastKnownFileType = sourcecode.c.h; path = LSASIHTTPRequestHook.h; sourceTree = "<group>"; };
		078699A917CF500F007DDCC9 /* LSASIHTTPRequestHook.m */ = {isa = PBXFileReference; fileEncoding = 4; lastKnownFileType = sourcecode.c.objc; path = LSASIHTTPRequestHook.m; sourceTree = "<group>"; };
		078699AA17CF500F007DDCC9 /* LSHTTPClientHook.h */ = {isa = PBXFileReference; fileEncoding = 4; lastKnownFileType = sourcecode.c.h; path = LSHTTPClientHook.h; sourceTree = "<group>"; };
		078699AB17CF500F007DDCC9 /* LSHTTPClientHook.m */ = {isa = PBXFileReference; fileEncoding = 4; lastKnownFileType = sourcecode.c.objc; path = LSHTTPClientHook.m; sourceTree = "<group>"; };
		078699AD17CF500F007DDCC9 /* LSHTTPStubURLProtocol.h */ = {isa = PBXFileReference; fileEncoding = 4; lastKnownFileType = sourcecode.c.h; path = LSHTTPStubURLProtocol.h; sourceTree = "<group>"; };
		078699AE17CF500F007DDCC9 /* LSHTTPStubURLProtocol.m */ = {isa = PBXFileReference; fileEncoding = 4; lastKnownFileType = sourcecode.c.objc; path = LSHTTPStubURLProtocol.m; sourceTree = "<group>"; };
		078699AF17CF500F007DDCC9 /* LSNSURLHook.h */ = {isa = PBXFileReference; fileEncoding = 4; lastKnownFileType = sourcecode.c.h; path = LSNSURLHook.h; sourceTree = "<group>"; };
		078699B017CF500F007DDCC9 /* LSNSURLHook.m */ = {isa = PBXFileReference; fileEncoding = 4; lastKnownFileType = sourcecode.c.objc; path = LSNSURLHook.m; sourceTree = "<group>"; };
		078699B117CF500F007DDCC9 /* NSURLRequest+DSL.h */ = {isa = PBXFileReference; fileEncoding = 4; lastKnownFileType = sourcecode.c.h; path = "NSURLRequest+DSL.h"; sourceTree = "<group>"; };
		078699B217CF500F007DDCC9 /* NSURLRequest+DSL.m */ = {isa = PBXFileReference; fileEncoding = 4; lastKnownFileType = sourcecode.c.objc; path = "NSURLRequest+DSL.m"; sourceTree = "<group>"; };
		078699B317CF500F007DDCC9 /* NSURLRequest+LSHTTPRequest.h */ = {isa = PBXFileReference; fileEncoding = 4; lastKnownFileType = sourcecode.c.h; path = "NSURLRequest+LSHTTPRequest.h"; sourceTree = "<group>"; };
		078699B417CF500F007DDCC9 /* NSURLRequest+LSHTTPRequest.m */ = {isa = PBXFileReference; fileEncoding = 4; lastKnownFileType = sourcecode.c.objc; path = "NSURLRequest+LSHTTPRequest.m"; sourceTree = "<group>"; };
		078699B517CF500F007DDCC9 /* LSNocilla.h */ = {isa = PBXFileReference; fileEncoding = 4; lastKnownFileType = sourcecode.c.h; path = LSNocilla.h; sourceTree = "<group>"; };
		078699B617CF500F007DDCC9 /* LSNocilla.m */ = {isa = PBXFileReference; fileEncoding = 4; lastKnownFileType = sourcecode.c.objc; path = LSNocilla.m; sourceTree = "<group>"; };
		078699B817CF500F007DDCC9 /* LSMatcheable.h */ = {isa = PBXFileReference; fileEncoding = 4; lastKnownFileType = sourcecode.c.h; path = LSMatcheable.h; sourceTree = "<group>"; };
		078699B917CF500F007DDCC9 /* LSMatcher.h */ = {isa = PBXFileReference; fileEncoding = 4; lastKnownFileType = sourcecode.c.h; path = LSMatcher.h; sourceTree = "<group>"; };
		078699BA17CF500F007DDCC9 /* LSMatcher.m */ = {isa = PBXFileReference; fileEncoding = 4; lastKnownFileType = sourcecode.c.objc; path = LSMatcher.m; sourceTree = "<group>"; };
		078699BB17CF500F007DDCC9 /* LSRegexMatcher.h */ = {isa = PBXFileReference; fileEncoding = 4; lastKnownFileType = sourcecode.c.h; path = LSRegexMatcher.h; sourceTree = "<group>"; };
		078699BC17CF500F007DDCC9 /* LSRegexMatcher.m */ = {isa = PBXFileReference; fileEncoding = 4; lastKnownFileType = sourcecode.c.objc; path = LSRegexMatcher.m; sourceTree = "<group>"; };
		078699BD17CF500F007DDCC9 /* LSStringMatcher.h */ = {isa = PBXFileReference; fileEncoding = 4; lastKnownFileType = sourcecode.c.h; path = LSStringMatcher.h; sourceTree = "<group>"; };
		078699BE17CF500F007DDCC9 /* LSStringMatcher.m */ = {isa = PBXFileReference; fileEncoding = 4; lastKnownFileType = sourcecode.c.objc; path = LSStringMatcher.m; sourceTree = "<group>"; };
		078699BF17CF500F007DDCC9 /* NSRegularExpression+Matcheable.h */ = {isa = PBXFileReference; fileEncoding = 4; lastKnownFileType = sourcecode.c.h; path = "NSRegularExpression+Matcheable.h"; sourceTree = "<group>"; };
		078699C017CF500F007DDCC9 /* NSRegularExpression+Matcheable.m */ = {isa = PBXFileReference; fileEncoding = 4; lastKnownFileType = sourcecode.c.objc; path = "NSRegularExpression+Matcheable.m"; sourceTree = "<group>"; };
		078699C117CF500F007DDCC9 /* NSString+Matcheable.h */ = {isa = PBXFileReference; fileEncoding = 4; lastKnownFileType = sourcecode.c.h; path = "NSString+Matcheable.h"; sourceTree = "<group>"; };
		078699C217CF500F007DDCC9 /* NSString+Matcheable.m */ = {isa = PBXFileReference; fileEncoding = 4; lastKnownFileType = sourcecode.c.objc; path = "NSString+Matcheable.m"; sourceTree = "<group>"; };
		078699C417CF500F007DDCC9 /* LSHTTPBody.h */ = {isa = PBXFileReference; fileEncoding = 4; lastKnownFileType = sourcecode.c.h; path = LSHTTPBody.h; sourceTree = "<group>"; };
		078699C517CF500F007DDCC9 /* LSHTTPRequest.h */ = {isa = PBXFileReference; fileEncoding = 4; lastKnownFileType = sourcecode.c.h; path = LSHTTPRequest.h; sourceTree = "<group>"; };
		078699C617CF500F007DDCC9 /* LSHTTPResponse.h */ = {isa = PBXFileReference; fileEncoding = 4; lastKnownFileType = sourcecode.c.h; path = LSHTTPResponse.h; sourceTree = "<group>"; };
		078699C717CF500F007DDCC9 /* Nocilla-Prefix.pch */ = {isa = PBXFileReference; fileEncoding = 4; lastKnownFileType = sourcecode.c.h; path = "Nocilla-Prefix.pch"; sourceTree = "<group>"; };
		078699C817CF500F007DDCC9 /* Nocilla.h */ = {isa = PBXFileReference; fileEncoding = 4; lastKnownFileType = sourcecode.c.h; path = Nocilla.h; sourceTree = "<group>"; };
		078699CA17CF500F007DDCC9 /* LSStubRequest.h */ = {isa = PBXFileReference; fileEncoding = 4; lastKnownFileType = sourcecode.c.h; path = LSStubRequest.h; sourceTree = "<group>"; };
		078699CB17CF500F007DDCC9 /* LSStubRequest.m */ = {isa = PBXFileReference; fileEncoding = 4; lastKnownFileType = sourcecode.c.objc; path = LSStubRequest.m; sourceTree = "<group>"; };
		078699CC17CF500F007DDCC9 /* LSStubResponse.h */ = {isa = PBXFileReference; fileEncoding = 4; lastKnownFileType = sourcecode.c.h; path = LSStubResponse.h; sourceTree = "<group>"; };
		078699CD17CF500F007DDCC9 /* LSStubResponse.m */ = {isa = PBXFileReference; fileEncoding = 4; lastKnownFileType = sourcecode.c.objc; path = LSStubResponse.m; sourceTree = "<group>"; };
		078699E417CF5161007DDCC9 /* CFNetwork.framework */ = {isa = PBXFileReference; lastKnownFileType = wrapper.framework; name = CFNetwork.framework; path = System/Library/Frameworks/CFNetwork.framework; sourceTree = SDKROOT; };
		07B2759117D719D6000412EB /* DemoAppForAutomation-Info.plist */ = {isa = PBXFileReference; fileEncoding = 4; lastKnownFileType = text.plist.xml; path = "DemoAppForAutomation-Info.plist"; sourceTree = "<group>"; };
		07E8AFDF17D9C25300AEB3B3 /* dummy_top.html */ = {isa = PBXFileReference; fileEncoding = 4; lastKnownFileType = text.html; path = dummy_top.html; sourceTree = "<group>"; };
		1AB89BC1D89F3C00FAC517A0 /* favicon.ico */ = {isa = PBXFileReference; lastKnownFileType = image.ico; name = favicon.ico; path = specs/image/favicon.ico; sourceTree = SOURCE_ROOT; };
		260BE3E817AF1E2600BEA288 /* HTBHatenaBookmarkActivity.h */ = {isa = PBXFileReference; fileEncoding = 4; lastKnownFileType = sourcecode.c.h; path = HTBHatenaBookmarkActivity.h; sourceTree = "<group>"; };
		260BE3E917AF1E2600BEA288 /* HTBHatenaBookmarkActivity.m */ = {isa = PBXFileReference; fileEncoding = 4; lastKnownFileType = sourcecode.c.objc; path = HTBHatenaBookmarkActivity.m; sourceTree = "<group>"; };
		260BE3ED17AF1E2600BEA288 /* HTBBookmarkedDataEntry.h */ = {isa = PBXFileReference; fileEncoding = 4; lastKnownFileType = sourcecode.c.h; path = HTBBookmarkedDataEntry.h; sourceTree = "<group>"; };
		260BE3EE17AF1E2600BEA288 /* HTBBookmarkedDataEntry.m */ = {isa = PBXFileReference; fileEncoding = 4; lastKnownFileType = sourcecode.c.objc; path = HTBBookmarkedDataEntry.m; sourceTree = "<group>"; };
		260BE3EF17AF1E2600BEA288 /* HTBBookmarkEntry.h */ = {isa = PBXFileReference; fileEncoding = 4; lastKnownFileType = sourcecode.c.h; path = HTBBookmarkEntry.h; sourceTree = "<group>"; };
		260BE3F017AF1E2600BEA288 /* HTBBookmarkEntry.m */ = {isa = PBXFileReference; fileEncoding = 4; lastKnownFileType = sourcecode.c.objc; path = HTBBookmarkEntry.m; sourceTree = "<group>"; };
		260BE3F117AF1E2600BEA288 /* HTBMyEntry.h */ = {isa = PBXFileReference; fileEncoding = 4; lastKnownFileType = sourcecode.c.h; path = HTBMyEntry.h; sourceTree = "<group>"; };
		260BE3F217AF1E2600BEA288 /* HTBMyEntry.m */ = {isa = PBXFileReference; fileEncoding = 4; lastKnownFileType = sourcecode.c.objc; path = HTBMyEntry.m; sourceTree = "<group>"; };
		260BE3F317AF1E2600BEA288 /* HTBHatenaBookmarkManager.h */ = {isa = PBXFileReference; fileEncoding = 4; lastKnownFileType = sourcecode.c.h; path = HTBHatenaBookmarkManager.h; sourceTree = "<group>"; };
		260BE3F417AF1E2600BEA288 /* HTBHatenaBookmarkManager.m */ = {isa = PBXFileReference; fileEncoding = 4; lastKnownFileType = sourcecode.c.objc; path = HTBHatenaBookmarkManager.m; sourceTree = "<group>"; };
		260BE3F517AF1E2600BEA288 /* HTBUserManager.h */ = {isa = PBXFileReference; fileEncoding = 4; lastKnownFileType = sourcecode.c.h; path = HTBUserManager.h; sourceTree = "<group>"; };
		260BE3F617AF1E2600BEA288 /* HTBUserManager.m */ = {isa = PBXFileReference; fileEncoding = 4; lastKnownFileType = sourcecode.c.objc; path = HTBUserManager.m; sourceTree = "<group>"; };
		260BE3F817AF1E2600BEA288 /* HTBTagTokenizer.h */ = {isa = PBXFileReference; fileEncoding = 4; lastKnownFileType = sourcecode.c.h; path = HTBTagTokenizer.h; sourceTree = "<group>"; };
		260BE3F917AF1E2600BEA288 /* HTBTagTokenizer.m */ = {isa = PBXFileReference; fileEncoding = 4; lastKnownFileType = sourcecode.c.objc; path = HTBTagTokenizer.m; sourceTree = "<group>"; };
		260BE3FB17AF1E2600BEA288 /* HTBBookmarkEntryView.h */ = {isa = PBXFileReference; fileEncoding = 4; lastKnownFileType = sourcecode.c.h; path = HTBBookmarkEntryView.h; sourceTree = "<group>"; };
		260BE3FC17AF1E2600BEA288 /* HTBBookmarkEntryView.m */ = {isa = PBXFileReference; fileEncoding = 4; lastKnownFileType = sourcecode.c.objc; path = HTBBookmarkEntryView.m; sourceTree = "<group>"; };
		260BE3FD17AF1E2600BEA288 /* HTBBookmarkRootView.h */ = {isa = PBXFileReference; fileEncoding = 4; lastKnownFileType = sourcecode.c.h; path = HTBBookmarkRootView.h; sourceTree = "<group>"; };
		260BE3FE17AF1E2600BEA288 /* HTBBookmarkRootView.m */ = {isa = PBXFileReference; fileEncoding = 4; lastKnownFileType = sourcecode.c.objc; path = HTBBookmarkRootView.m; sourceTree = "<group>"; };
		260BE3FF17AF1E2600BEA288 /* HTBBookmarkToolbarView.h */ = {isa = PBXFileReference; fileEncoding = 4; lastKnownFileType = sourcecode.c.h; path = HTBBookmarkToolbarView.h; sourceTree = "<group>"; };
		260BE40017AF1E2600BEA288 /* HTBBookmarkToolbarView.m */ = {isa = PBXFileReference; fileEncoding = 4; lastKnownFileType = sourcecode.c.objc; path = HTBBookmarkToolbarView.m; sourceTree = "<group>"; };
		260BE40117AF1E2600BEA288 /* HTBNavigationBar.h */ = {isa = PBXFileReference; fileEncoding = 4; lastKnownFileType = sourcecode.c.h; path = HTBNavigationBar.h; sourceTree = "<group>"; };
		260BE40217AF1E2600BEA288 /* HTBNavigationBar.m */ = {isa = PBXFileReference; fileEncoding = 4; lastKnownFileType = sourcecode.c.objc; path = HTBNavigationBar.m; sourceTree = "<group>"; };
		260BE40317AF1E2600BEA288 /* HTBPlaceholderTextView.h */ = {isa = PBXFileReference; fileEncoding = 4; lastKnownFileType = sourcecode.c.h; path = HTBPlaceholderTextView.h; sourceTree = "<group>"; };
		260BE40417AF1E2600BEA288 /* HTBPlaceholderTextView.m */ = {isa = PBXFileReference; fileEncoding = 4; lastKnownFileType = sourcecode.c.objc; path = HTBPlaceholderTextView.m; sourceTree = "<group>"; };
		260BE40517AF1E2600BEA288 /* HTBTagInputView.h */ = {isa = PBXFileReference; fileEncoding = 4; lastKnownFileType = sourcecode.c.h; path = HTBTagInputView.h; sourceTree = "<group>"; };
		260BE40617AF1E2600BEA288 /* HTBTagInputView.m */ = {isa = PBXFileReference; fileEncoding = 4; lastKnownFileType = sourcecode.c.objc; path = HTBTagInputView.m; sourceTree = "<group>"; };
		260BE40717AF1E2600BEA288 /* HTBTagTextField.h */ = {isa = PBXFileReference; fileEncoding = 4; lastKnownFileType = sourcecode.c.h; path = HTBTagTextField.h; sourceTree = "<group>"; };
		260BE40817AF1E2600BEA288 /* HTBTagTextField.m */ = {isa = PBXFileReference; fileEncoding = 4; lastKnownFileType = sourcecode.c.objc; path = HTBTagTextField.m; sourceTree = "<group>"; };
		260BE40917AF1E2600BEA288 /* HTBTagToolbarView.h */ = {isa = PBXFileReference; fileEncoding = 4; lastKnownFileType = sourcecode.c.h; path = HTBTagToolbarView.h; sourceTree = "<group>"; };
		260BE40A17AF1E2600BEA288 /* HTBTagToolbarView.m */ = {isa = PBXFileReference; fileEncoding = 4; lastKnownFileType = sourcecode.c.objc; path = HTBTagToolbarView.m; sourceTree = "<group>"; };
		260BE40B17AF1E2600BEA288 /* HTBToggleButton.h */ = {isa = PBXFileReference; fileEncoding = 4; lastKnownFileType = sourcecode.c.h; path = HTBToggleButton.h; sourceTree = "<group>"; };
		260BE40C17AF1E2600BEA288 /* HTBToggleButton.m */ = {isa = PBXFileReference; fileEncoding = 4; lastKnownFileType = sourcecode.c.objc; path = HTBToggleButton.m; sourceTree = "<group>"; };
		260BE40E17AF1E2600BEA288 /* HTBBookmarkViewController.h */ = {isa = PBXFileReference; fileEncoding = 4; lastKnownFileType = sourcecode.c.h; path = HTBBookmarkViewController.h; sourceTree = "<group>"; };
		260BE40F17AF1E2600BEA288 /* HTBBookmarkViewController.m */ = {isa = PBXFileReference; fileEncoding = 4; lastKnownFileType = sourcecode.c.objc; path = HTBBookmarkViewController.m; sourceTree = "<group>"; };
		260BE41017AF1E2600BEA288 /* HTBCommentViewController.h */ = {isa = PBXFileReference; fileEncoding = 4; lastKnownFileType = sourcecode.c.h; path = HTBCommentViewController.h; sourceTree = "<group>"; };
		260BE41117AF1E2600BEA288 /* HTBCommentViewController.m */ = {isa = PBXFileReference; fileEncoding = 4; lastKnownFileType = sourcecode.c.objc; path = HTBCommentViewController.m; sourceTree = "<group>"; };
		260BE41217AF1E2600BEA288 /* HTBLoginWebViewController.h */ = {isa = PBXFileReference; fileEncoding = 4; lastKnownFileType = sourcecode.c.h; path = HTBLoginWebViewController.h; sourceTree = "<group>"; };
		260BE41317AF1E2600BEA288 /* HTBLoginWebViewController.m */ = {isa = PBXFileReference; fileEncoding = 4; lastKnownFileType = sourcecode.c.objc; path = HTBLoginWebViewController.m; sourceTree = "<group>"; };
		260BE41417AF1E2600BEA288 /* HTBHatenaBookmarkViewController.h */ = {isa = PBXFileReference; fileEncoding = 4; lastKnownFileType = sourcecode.c.h; path = HTBHatenaBookmarkViewController.h; sourceTree = "<group>"; };
		260BE41517AF1E2600BEA288 /* HTBHatenaBookmarkViewController.m */ = {isa = PBXFileReference; fileEncoding = 4; lastKnownFileType = sourcecode.c.objc; path = HTBHatenaBookmarkViewController.m; sourceTree = "<group>"; };
		26577C0617BCD15100B80A09 /* HatenaBookmarkSDK.h */ = {isa = PBXFileReference; lastKnownFileType = sourcecode.c.h; path = HatenaBookmarkSDK.h; sourceTree = "<group>"; };
		265F3E9917B21D1400A89747 /* HTBMyTagsEntry.h */ = {isa = PBXFileReference; fileEncoding = 4; lastKnownFileType = sourcecode.c.h; path = HTBMyTagsEntry.h; sourceTree = "<group>"; };
		265F3E9A17B21D1400A89747 /* HTBMyTagsEntry.m */ = {isa = PBXFileReference; fileEncoding = 4; lastKnownFileType = sourcecode.c.objc; path = HTBMyTagsEntry.m; sourceTree = "<group>"; };
		265F3E9C17B21E4900A89747 /* HTBTagEntry.h */ = {isa = PBXFileReference; fileEncoding = 4; lastKnownFileType = sourcecode.c.h; path = HTBTagEntry.h; sourceTree = "<group>"; };
		265F3E9D17B21E4A00A89747 /* HTBTagEntry.m */ = {isa = PBXFileReference; fileEncoding = 4; lastKnownFileType = sourcecode.c.objc; path = HTBTagEntry.m; sourceTree = "<group>"; };
		265F3E9F17B22A2C00A89747 /* MobileCoreServices.framework */ = {isa = PBXFileReference; lastKnownFileType = wrapper.framework; name = MobileCoreServices.framework; path = System/Library/Frameworks/MobileCoreServices.framework; sourceTree = SDKROOT; };
		265F3EA117B2360D00A89747 /* HTBCanonicalEntry.h */ = {isa = PBXFileReference; fileEncoding = 4; lastKnownFileType = sourcecode.c.h; path = HTBCanonicalEntry.h; sourceTree = "<group>"; };
		265F3EA217B2360E00A89747 /* HTBCanonicalEntry.m */ = {isa = PBXFileReference; fileEncoding = 4; lastKnownFileType = sourcecode.c.objc; path = HTBCanonicalEntry.m; sourceTree = "<group>"; };
		265F3EA417B339A100A89747 /* HTBCanonicalView.h */ = {isa = PBXFileReference; fileEncoding = 4; lastKnownFileType = sourcecode.c.h; path = HTBCanonicalView.h; sourceTree = "<group>"; };
		265F3EA517B339A100A89747 /* HTBCanonicalView.m */ = {isa = PBXFileReference; fileEncoding = 4; lastKnownFileType = sourcecode.c.objc; path = HTBCanonicalView.m; sourceTree = "<group>"; };
		265F3EA817B4EA2200A89747 /* UIAlertView+HTBNSError.h */ = {isa = PBXFileReference; fileEncoding = 4; lastKnownFileType = sourcecode.c.h; path = "UIAlertView+HTBNSError.h"; sourceTree = "<group>"; };
		265F3EA917B4EA2200A89747 /* UIAlertView+HTBNSError.m */ = {isa = PBXFileReference; fileEncoding = 4; lastKnownFileType = sourcecode.c.objc; path = "UIAlertView+HTBNSError.m"; sourceTree = "<group>"; };
		2678C50217A0F25E0016E4B4 /* Default-568h@2x.png */ = {isa = PBXFileReference; lastKnownFileType = image.png; path = "Default-568h@2x.png"; sourceTree = "<group>"; };
		267CCBDC178A5D3900063953 /* DemoApp.app */ = {isa = PBXFileReference; explicitFileType = wrapper.application; includeInIndex = 0; path = DemoApp.app; sourceTree = BUILT_PRODUCTS_DIR; };
		267CCBDF178A5D3900063953 /* Foundation.framework */ = {isa = PBXFileReference; lastKnownFileType = wrapper.framework; name = Foundation.framework; path = System/Library/Frameworks/Foundation.framework; sourceTree = SDKROOT; };
		267CCBE1178A5D3900063953 /* CoreGraphics.framework */ = {isa = PBXFileReference; lastKnownFileType = wrapper.framework; name = CoreGraphics.framework; path = System/Library/Frameworks/CoreGraphics.framework; sourceTree = SDKROOT; };
		267CCBE3178A5D3900063953 /* UIKit.framework */ = {isa = PBXFileReference; lastKnownFileType = wrapper.framework; name = UIKit.framework; path = System/Library/Frameworks/UIKit.framework; sourceTree = SDKROOT; };
		267CCBE7178A5D3900063953 /* DemoApp-Info.plist */ = {isa = PBXFileReference; lastKnownFileType = text.plist.xml; path = "DemoApp-Info.plist"; sourceTree = "<group>"; };
		267CCBE9178A5D3900063953 /* en */ = {isa = PBXFileReference; lastKnownFileType = text.plist.strings; name = en; path = en.lproj/InfoPlist.strings; sourceTree = "<group>"; };
		267CCBEB178A5D3900063953 /* main.m */ = {isa = PBXFileReference; lastKnownFileType = sourcecode.c.objc; path = main.m; sourceTree = "<group>"; };
		267CCBED178A5D3900063953 /* DemoApp-Prefix.pch */ = {isa = PBXFileReference; lastKnownFileType = sourcecode.c.h; path = "DemoApp-Prefix.pch"; sourceTree = "<group>"; };
		267CCBEE178A5D3900063953 /* HTBAppDelegate.h */ = {isa = PBXFileReference; lastKnownFileType = sourcecode.c.h; path = HTBAppDelegate.h; sourceTree = "<group>"; };
		267CCBEF178A5D3900063953 /* HTBAppDelegate.m */ = {isa = PBXFileReference; lastKnownFileType = sourcecode.c.objc; path = HTBAppDelegate.m; sourceTree = "<group>"; };
		267CCBF4178A5D3900063953 /* HTBDemoViewController.h */ = {isa = PBXFileReference; lastKnownFileType = sourcecode.c.h; path = HTBDemoViewController.h; sourceTree = "<group>"; };
		267CCBF5178A5D3900063953 /* HTBDemoViewController.m */ = {isa = PBXFileReference; lastKnownFileType = sourcecode.c.objc; path = HTBDemoViewController.m; sourceTree = "<group>"; };
		267CCBFE178A5D3900063953 /* XCTest.framework */ = {isa = PBXFileReference; lastKnownFileType = wrapper.framework; name = XCTest.framework; path = Library/Frameworks/XCTest.framework; sourceTree = DEVELOPER_DIR; };
		268A35CA17AF32D60089ED47 /* HTBUtility.h */ = {isa = PBXFileReference; fileEncoding = 4; lastKnownFileType = sourcecode.c.h; path = HTBUtility.h; sourceTree = "<group>"; };
		268A35CB17AF32D60089ED47 /* HTBUtility.m */ = {isa = PBXFileReference; fileEncoding = 4; lastKnownFileType = sourcecode.c.objc; path = HTBUtility.m; sourceTree = "<group>"; };
		269DCCCE17A644E900CDCDC0 /* QuartzCore.framework */ = {isa = PBXFileReference; lastKnownFileType = wrapper.framework; name = QuartzCore.framework; path = System/Library/Frameworks/QuartzCore.framework; sourceTree = SDKROOT; };
		26CA7E1117B0EED80091FF33 /* Security.framework */ = {isa = PBXFileReference; lastKnownFileType = wrapper.framework; name = Security.framework; path = System/Library/Frameworks/Security.framework; sourceTree = SDKROOT; };
		26F6F1BA17AF929E002475CF /* ja */ = {isa = PBXFileReference; lastKnownFileType = text.plist.strings; name = ja; path = ja.lproj/InfoPlist.strings; sourceTree = "<group>"; };
		26F6F1BB17B0A7D1002475CF /* HTBHatenaBookmarkAPIClient.h */ = {isa = PBXFileReference; fileEncoding = 4; lastKnownFileType = sourcecode.c.h; lineEnding = 0; path = HTBHatenaBookmarkAPIClient.h; sourceTree = "<group>"; xcLanguageSpecificationIdentifier = xcode.lang.objcpp; };
		26F6F1BC17B0A7D1002475CF /* HTBHatenaBookmarkAPIClient.m */ = {isa = PBXFileReference; fileEncoding = 4; lastKnownFileType = sourcecode.c.objc; lineEnding = 0; path = HTBHatenaBookmarkAPIClient.m; sourceTree = "<group>"; };
		26F6F1BE17B0A7DB002475CF /* HTBAFOAuth1Client.h */ = {isa = PBXFileReference; fileEncoding = 4; lastKnownFileType = sourcecode.c.h; path = HTBAFOAuth1Client.h; sourceTree = "<group>"; };
		26F6F1BF17B0A7DB002475CF /* HTBAFOAuth1Client.m */ = {isa = PBXFileReference; fileEncoding = 4; lastKnownFileType = sourcecode.c.objc; lineEnding = 0; path = HTBAFOAuth1Client.m; sourceTree = "<group>"; };
		26F6F1C117B0BB43002475CF /* HTBResources.bundle */ = {isa = PBXFileReference; lastKnownFileType = "wrapper.plug-in"; path = HTBResources.bundle; sourceTree = "<group>"; };
		26F6F1C317B0C08E002475CF /* en */ = {isa = PBXFileReference; lastKnownFileType = file.storyboard; name = en; path = en.lproj/Main.storyboard; sourceTree = "<group>"; };
		26F6F1C517B0D48D002475CF /* SFHFKeychainUtils.h */ = {isa = PBXFileReference; fileEncoding = 4; lastKnownFileType = sourcecode.c.h; name = SFHFKeychainUtils.h; path = "../scifihifi-iphone/security/SFHFKeychainUtils.h"; sourceTree = "<group>"; };
		26F6F1C617B0D48D002475CF /* SFHFKeychainUtils.m */ = {isa = PBXFileReference; fileEncoding = 4; lastKnownFileType = sourcecode.c.objc; name = SFHFKeychainUtils.m; path = "../scifihifi-iphone/security/SFHFKeychainUtils.m"; sourceTree = "<group>"; };
		26F6F1C917B0D4BC002475CF /* AFHTTPClient.h */ = {isa = PBXFileReference; fileEncoding = 4; lastKnownFileType = sourcecode.c.h; name = AFHTTPClient.h; path = ../AFNetworking/AFNetworking/AFHTTPClient.h; sourceTree = "<group>"; };
		26F6F1CA17B0D4BC002475CF /* AFHTTPClient.m */ = {isa = PBXFileReference; fileEncoding = 4; lastKnownFileType = sourcecode.c.objc; name = AFHTTPClient.m; path = ../AFNetworking/AFNetworking/AFHTTPClient.m; sourceTree = "<group>"; };
		26F6F1CB17B0D4BC002475CF /* AFHTTPRequestOperation.h */ = {isa = PBXFileReference; fileEncoding = 4; lastKnownFileType = sourcecode.c.h; name = AFHTTPRequestOperation.h; path = ../AFNetworking/AFNetworking/AFHTTPRequestOperation.h; sourceTree = "<group>"; };
		26F6F1CC17B0D4BC002475CF /* AFHTTPRequestOperation.m */ = {isa = PBXFileReference; fileEncoding = 4; lastKnownFileType = sourcecode.c.objc; name = AFHTTPRequestOperation.m; path = ../AFNetworking/AFNetworking/AFHTTPRequestOperation.m; sourceTree = "<group>"; };
		26F6F1CD17B0D4BC002475CF /* AFImageRequestOperation.h */ = {isa = PBXFileReference; fileEncoding = 4; lastKnownFileType = sourcecode.c.h; name = AFImageRequestOperation.h; path = ../AFNetworking/AFNetworking/AFImageRequestOperation.h; sourceTree = "<group>"; };
		26F6F1CE17B0D4BC002475CF /* AFImageRequestOperation.m */ = {isa = PBXFileReference; fileEncoding = 4; lastKnownFileType = sourcecode.c.objc; name = AFImageRequestOperation.m; path = ../AFNetworking/AFNetworking/AFImageRequestOperation.m; sourceTree = "<group>"; };
		26F6F1CF17B0D4BC002475CF /* AFJSONRequestOperation.h */ = {isa = PBXFileReference; fileEncoding = 4; lastKnownFileType = sourcecode.c.h; name = AFJSONRequestOperation.h; path = ../AFNetworking/AFNetworking/AFJSONRequestOperation.h; sourceTree = "<group>"; };
		26F6F1D017B0D4BC002475CF /* AFJSONRequestOperation.m */ = {isa = PBXFileReference; fileEncoding = 4; lastKnownFileType = sourcecode.c.objc; name = AFJSONRequestOperation.m; path = ../AFNetworking/AFNetworking/AFJSONRequestOperation.m; sourceTree = "<group>"; };
		26F6F1D117B0D4BC002475CF /* AFNetworkActivityIndicatorManager.h */ = {isa = PBXFileReference; fileEncoding = 4; lastKnownFileType = sourcecode.c.h; name = AFNetworkActivityIndicatorManager.h; path = ../AFNetworking/AFNetworking/AFNetworkActivityIndicatorManager.h; sourceTree = "<group>"; };
		26F6F1D217B0D4BC002475CF /* AFNetworkActivityIndicatorManager.m */ = {isa = PBXFileReference; fileEncoding = 4; lastKnownFileType = sourcecode.c.objc; name = AFNetworkActivityIndicatorManager.m; path = ../AFNetworking/AFNetworking/AFNetworkActivityIndicatorManager.m; sourceTree = "<group>"; };
		26F6F1D317B0D4BC002475CF /* AFNetworking.h */ = {isa = PBXFileReference; fileEncoding = 4; lastKnownFileType = sourcecode.c.h; name = AFNetworking.h; path = ../AFNetworking/AFNetworking/AFNetworking.h; sourceTree = "<group>"; };
		26F6F1D417B0D4BC002475CF /* AFPropertyListRequestOperation.h */ = {isa = PBXFileReference; fileEncoding = 4; lastKnownFileType = sourcecode.c.h; name = AFPropertyListRequestOperation.h; path = ../AFNetworking/AFNetworking/AFPropertyListRequestOperation.h; sourceTree = "<group>"; };
		26F6F1D517B0D4BC002475CF /* AFPropertyListRequestOperation.m */ = {isa = PBXFileReference; fileEncoding = 4; lastKnownFileType = sourcecode.c.objc; name = AFPropertyListRequestOperation.m; path = ../AFNetworking/AFNetworking/AFPropertyListRequestOperation.m; sourceTree = "<group>"; };
		26F6F1D617B0D4BC002475CF /* AFURLConnectionOperation.h */ = {isa = PBXFileReference; fileEncoding = 4; lastKnownFileType = sourcecode.c.h; name = AFURLConnectionOperation.h; path = ../AFNetworking/AFNetworking/AFURLConnectionOperation.h; sourceTree = "<group>"; };
		26F6F1D717B0D4BC002475CF /* AFURLConnectionOperation.m */ = {isa = PBXFileReference; fileEncoding = 4; lastKnownFileType = sourcecode.c.objc; name = AFURLConnectionOperation.m; path = ../AFNetworking/AFNetworking/AFURLConnectionOperation.m; sourceTree = "<group>"; };
		26F6F1D817B0D4BC002475CF /* AFXMLRequestOperation.h */ = {isa = PBXFileReference; fileEncoding = 4; lastKnownFileType = sourcecode.c.h; name = AFXMLRequestOperation.h; path = ../AFNetworking/AFNetworking/AFXMLRequestOperation.h; sourceTree = "<group>"; };
		26F6F1D917B0D4BC002475CF /* AFXMLRequestOperation.m */ = {isa = PBXFileReference; fileEncoding = 4; lastKnownFileType = sourcecode.c.objc; name = AFXMLRequestOperation.m; path = ../AFNetworking/AFNetworking/AFXMLRequestOperation.m; sourceTree = "<group>"; };
		26F6F1DA17B0D4BC002475CF /* UIImageView+AFNetworking.h */ = {isa = PBXFileReference; fileEncoding = 4; lastKnownFileType = sourcecode.c.h; name = "UIImageView+AFNetworking.h"; path = "../AFNetworking/AFNetworking/UIImageView+AFNetworking.h"; sourceTree = "<group>"; };
		26F6F1DB17B0D4BC002475CF /* UIImageView+AFNetworking.m */ = {isa = PBXFileReference; fileEncoding = 4; lastKnownFileType = sourcecode.c.objc; name = "UIImageView+AFNetworking.m"; path = "../AFNetworking/AFNetworking/UIImageView+AFNetworking.m"; sourceTree = "<group>"; };
		26F6F1E517B0D549002475CF /* SystemConfiguration.framework */ = {isa = PBXFileReference; lastKnownFileType = wrapper.framework; name = SystemConfiguration.framework; path = System/Library/Frameworks/SystemConfiguration.framework; sourceTree = SDKROOT; };
		7059EDF090D14D74B14658AE /* libPods.a */ = {isa = PBXFileReference; explicitFileType = archive.ar; includeInIndex = 0; path = libPods.a; sourceTree = BUILT_PRODUCTS_DIR; };
/* End PBXFileReference section */

/* Begin PBXFrameworksBuildPhase section */
		078698D617CF4A06007DDCC9 /* Frameworks */ = {
			isa = PBXFrameworksBuildPhase;
			buildActionMask = 2147483647;
			files = (
				078699E517CF5161007DDCC9 /* CFNetwork.framework in Frameworks */,
				078698D717CF4A06007DDCC9 /* MobileCoreServices.framework in Frameworks */,
				078698D817CF4A06007DDCC9 /* Security.framework in Frameworks */,
				078698D917CF4A06007DDCC9 /* SystemConfiguration.framework in Frameworks */,
				078698DA17CF4A06007DDCC9 /* QuartzCore.framework in Frameworks */,
				078698DB17CF4A06007DDCC9 /* CoreGraphics.framework in Frameworks */,
				078698DC17CF4A06007DDCC9 /* UIKit.framework in Frameworks */,
				078698DD17CF4A06007DDCC9 /* Foundation.framework in Frameworks */,
			);
			runOnlyForDeploymentPostprocessing = 0;
		};
		267CCBD9178A5D3900063953 /* Frameworks */ = {
			isa = PBXFrameworksBuildPhase;
			buildActionMask = 2147483647;
			files = (
				265F3EA017B22A2C00A89747 /* MobileCoreServices.framework in Frameworks */,
				26CA7E1217B0EED80091FF33 /* Security.framework in Frameworks */,
				26F6F1E617B0D549002475CF /* SystemConfiguration.framework in Frameworks */,
				269DCCCF17A644E900CDCDC0 /* QuartzCore.framework in Frameworks */,
				267CCBE2178A5D3900063953 /* CoreGraphics.framework in Frameworks */,
				267CCBE4178A5D3900063953 /* UIKit.framework in Frameworks */,
				267CCBE0178A5D3900063953 /* Foundation.framework in Frameworks */,
			);
			runOnlyForDeploymentPostprocessing = 0;
		};
/* End PBXFrameworksBuildPhase section */

/* Begin PBXGroup section */
		078698E917CF4B84007DDCC9 /* Automation */ = {
			isa = PBXGroup;
			children = (
				078698EA17CF4BAA007DDCC9 /* HTBAutomationHelper.h */,
				078698EB17CF4BAA007DDCC9 /* HTBAutomationHelper.m */,
				1AB8960987F247CC3C7519E1 /* images */,
			);
			name = Automation;
			sourceTree = "<group>";
		};
		0786999117CF500F007DDCC9 /* Nocilla */ = {
			isa = PBXGroup;
			children = (
				0786999217CF500F007DDCC9 /* Categories */,
				0786999717CF500F007DDCC9 /* Diff */,
				0786999A17CF500F007DDCC9 /* DSL */,
				078699A217CF500F007DDCC9 /* Hooks */,
				078699B517CF500F007DDCC9 /* LSNocilla.h */,
				078699B617CF500F007DDCC9 /* LSNocilla.m */,
				078699B717CF500F007DDCC9 /* Matchers */,
				078699C317CF500F007DDCC9 /* Model */,
				078699C717CF500F007DDCC9 /* Nocilla-Prefix.pch */,
				078699C817CF500F007DDCC9 /* Nocilla.h */,
				078699C917CF500F007DDCC9 /* Stubs */,
			);
			name = Nocilla;
			path = ../HatenaBookmarkSDKTests/Nocilla/Nocilla;
			sourceTree = "<group>";
		};
		0786999217CF500F007DDCC9 /* Categories */ = {
			isa = PBXGroup;
			children = (
				0786999317CF500F007DDCC9 /* NSData+Nocilla.h */,
				0786999417CF500F007DDCC9 /* NSData+Nocilla.m */,
				0786999517CF500F007DDCC9 /* NSString+Nocilla.h */,
				0786999617CF500F007DDCC9 /* NSString+Nocilla.m */,
			);
			path = Categories;
			sourceTree = "<group>";
		};
		0786999717CF500F007DDCC9 /* Diff */ = {
			isa = PBXGroup;
			children = (
				0786999817CF500F007DDCC9 /* LSHTTPRequestDiff.h */,
				0786999917CF500F007DDCC9 /* LSHTTPRequestDiff.m */,
			);
			path = Diff;
			sourceTree = "<group>";
		};
		0786999A17CF500F007DDCC9 /* DSL */ = {
			isa = PBXGroup;
			children = (
				0786999B17CF500F007DDCC9 /* DSL.h */,
				0786999C17CF500F007DDCC9 /* LSHTTPRequestDSLRepresentation.h */,
				0786999D17CF500F007DDCC9 /* LSHTTPRequestDSLRepresentation.m */,
				0786999E17CF500F007DDCC9 /* LSStubRequestDSL.h */,
				0786999F17CF500F007DDCC9 /* LSStubRequestDSL.m */,
				078699A017CF500F007DDCC9 /* LSStubResponseDSL.h */,
				078699A117CF500F007DDCC9 /* LSStubResponseDSL.m */,
			);
			path = DSL;
			sourceTree = "<group>";
		};
		078699A217CF500F007DDCC9 /* Hooks */ = {
			isa = PBXGroup;
			children = (
				078699A317CF500F007DDCC9 /* ASIHTTPRequest */,
				078699AA17CF500F007DDCC9 /* LSHTTPClientHook.h */,
				078699AB17CF500F007DDCC9 /* LSHTTPClientHook.m */,
				078699AC17CF500F007DDCC9 /* NSURLRequest */,
			);
			path = Hooks;
			sourceTree = "<group>";
		};
		078699A317CF500F007DDCC9 /* ASIHTTPRequest */ = {
			isa = PBXGroup;
			children = (
				078699A417CF500F007DDCC9 /* ASIHTTPRequestStub.h */,
				078699A517CF500F007DDCC9 /* ASIHTTPRequestStub.m */,
				078699A617CF500F007DDCC9 /* LSASIHTTPRequestAdapter.h */,
				078699A717CF500F007DDCC9 /* LSASIHTTPRequestAdapter.m */,
				078699A817CF500F007DDCC9 /* LSASIHTTPRequestHook.h */,
				078699A917CF500F007DDCC9 /* LSASIHTTPRequestHook.m */,
			);
			path = ASIHTTPRequest;
			sourceTree = "<group>";
		};
		078699AC17CF500F007DDCC9 /* NSURLRequest */ = {
			isa = PBXGroup;
			children = (
				078699AD17CF500F007DDCC9 /* LSHTTPStubURLProtocol.h */,
				078699AE17CF500F007DDCC9 /* LSHTTPStubURLProtocol.m */,
				078699AF17CF500F007DDCC9 /* LSNSURLHook.h */,
				078699B017CF500F007DDCC9 /* LSNSURLHook.m */,
				078699B117CF500F007DDCC9 /* NSURLRequest+DSL.h */,
				078699B217CF500F007DDCC9 /* NSURLRequest+DSL.m */,
				078699B317CF500F007DDCC9 /* NSURLRequest+LSHTTPRequest.h */,
				078699B417CF500F007DDCC9 /* NSURLRequest+LSHTTPRequest.m */,
			);
			path = NSURLRequest;
			sourceTree = "<group>";
		};
		078699B717CF500F007DDCC9 /* Matchers */ = {
			isa = PBXGroup;
			children = (
				078699B817CF500F007DDCC9 /* LSMatcheable.h */,
				078699B917CF500F007DDCC9 /* LSMatcher.h */,
				078699BA17CF500F007DDCC9 /* LSMatcher.m */,
				078699BB17CF500F007DDCC9 /* LSRegexMatcher.h */,
				078699BC17CF500F007DDCC9 /* LSRegexMatcher.m */,
				078699BD17CF500F007DDCC9 /* LSStringMatcher.h */,
				078699BE17CF500F007DDCC9 /* LSStringMatcher.m */,
				078699BF17CF500F007DDCC9 /* NSRegularExpression+Matcheable.h */,
				078699C017CF500F007DDCC9 /* NSRegularExpression+Matcheable.m */,
				078699C117CF500F007DDCC9 /* NSString+Matcheable.h */,
				078699C217CF500F007DDCC9 /* NSString+Matcheable.m */,
			);
			path = Matchers;
			sourceTree = "<group>";
		};
		078699C317CF500F007DDCC9 /* Model */ = {
			isa = PBXGroup;
			children = (
				078699C417CF500F007DDCC9 /* LSHTTPBody.h */,
				078699C517CF500F007DDCC9 /* LSHTTPRequest.h */,
				078699C617CF500F007DDCC9 /* LSHTTPResponse.h */,
			);
			path = Model;
			sourceTree = "<group>";
		};
		078699C917CF500F007DDCC9 /* Stubs */ = {
			isa = PBXGroup;
			children = (
				078699CA17CF500F007DDCC9 /* LSStubRequest.h */,
				078699CB17CF500F007DDCC9 /* LSStubRequest.m */,
				078699CC17CF500F007DDCC9 /* LSStubResponse.h */,
				078699CD17CF500F007DDCC9 /* LSStubResponse.m */,
			);
			path = Stubs;
			sourceTree = "<group>";
		};
		1AB8960987F247CC3C7519E1 /* images */ = {
			isa = PBXGroup;
			children = (
				1AB89BC1D89F3C00FAC517A0 /* favicon.ico */,
			);
			name = images;
			sourceTree = "<group>";
		};
		260BE3AB17AF1E2600BEA288 /* SDK */ = {
			isa = PBXGroup;
			children = (
				26577C0617BCD15100B80A09 /* HatenaBookmarkSDK.h */,
				260BE3AC17AF1E2600BEA288 /* API */,
				260BE3E717AF1E2600BEA288 /* UI */,
			);
			name = SDK;
			path = ../SDK;
			sourceTree = "<group>";
		};
		260BE3AC17AF1E2600BEA288 /* API */ = {
			isa = PBXGroup;
			children = (
				26F6F1BE17B0A7DB002475CF /* HTBAFOAuth1Client.h */,
				26F6F1BF17B0A7DB002475CF /* HTBAFOAuth1Client.m */,
				26F6F1BB17B0A7D1002475CF /* HTBHatenaBookmarkAPIClient.h */,
				26F6F1BC17B0A7D1002475CF /* HTBHatenaBookmarkAPIClient.m */,
			);
			path = API;
			sourceTree = "<group>";
		};
		260BE3E717AF1E2600BEA288 /* UI */ = {
			isa = PBXGroup;
			children = (
				26F6F1C117B0BB43002475CF /* HTBResources.bundle */,
				260BE3E817AF1E2600BEA288 /* HTBHatenaBookmarkActivity.h */,
				260BE3E917AF1E2600BEA288 /* HTBHatenaBookmarkActivity.m */,
				260BE3EB17AF1E2600BEA288 /* Model */,
				260BE3F717AF1E2600BEA288 /* Util */,
				260BE3FA17AF1E2600BEA288 /* View */,
				260BE40D17AF1E2600BEA288 /* ViewController */,
			);
			path = UI;
			sourceTree = "<group>";
		};
		260BE3EB17AF1E2600BEA288 /* Model */ = {
			isa = PBXGroup;
			children = (
				260BE3EC17AF1E2600BEA288 /* Entry */,
				260BE3F317AF1E2600BEA288 /* HTBHatenaBookmarkManager.h */,
				260BE3F417AF1E2600BEA288 /* HTBHatenaBookmarkManager.m */,
				260BE3F517AF1E2600BEA288 /* HTBUserManager.h */,
				260BE3F617AF1E2600BEA288 /* HTBUserManager.m */,
			);
			path = Model;
			sourceTree = "<group>";
		};
		260BE3EC17AF1E2600BEA288 /* Entry */ = {
			isa = PBXGroup;
			children = (
				260BE3ED17AF1E2600BEA288 /* HTBBookmarkedDataEntry.h */,
				260BE3EE17AF1E2600BEA288 /* HTBBookmarkedDataEntry.m */,
				260BE3EF17AF1E2600BEA288 /* HTBBookmarkEntry.h */,
				260BE3F017AF1E2600BEA288 /* HTBBookmarkEntry.m */,
				260BE3F117AF1E2600BEA288 /* HTBMyEntry.h */,
				260BE3F217AF1E2600BEA288 /* HTBMyEntry.m */,
				265F3E9917B21D1400A89747 /* HTBMyTagsEntry.h */,
				265F3E9A17B21D1400A89747 /* HTBMyTagsEntry.m */,
				265F3E9C17B21E4900A89747 /* HTBTagEntry.h */,
				265F3E9D17B21E4A00A89747 /* HTBTagEntry.m */,
				265F3EA117B2360D00A89747 /* HTBCanonicalEntry.h */,
				265F3EA217B2360E00A89747 /* HTBCanonicalEntry.m */,
				071C365E17BE0478008EDF40 /* HTBAuthorizeEntry.h */,
				071C365F17BE0478008EDF40 /* HTBAuthorizeEntry.m */,
			);
			path = Entry;
			sourceTree = "<group>";
		};
		260BE3F717AF1E2600BEA288 /* Util */ = {
			isa = PBXGroup;
			children = (
				260BE3F817AF1E2600BEA288 /* HTBTagTokenizer.h */,
				260BE3F917AF1E2600BEA288 /* HTBTagTokenizer.m */,
				268A35CA17AF32D60089ED47 /* HTBUtility.h */,
				268A35CB17AF32D60089ED47 /* HTBUtility.m */,
				265F3EA817B4EA2200A89747 /* UIAlertView+HTBNSError.h */,
				265F3EA917B4EA2200A89747 /* UIAlertView+HTBNSError.m */,
				071808E217D86A4F00384F1B /* HTBMacro.h */,
			);
			path = Util;
			sourceTree = "<group>";
		};
		260BE3FA17AF1E2600BEA288 /* View */ = {
			isa = PBXGroup;
			children = (
				260BE3FB17AF1E2600BEA288 /* HTBBookmarkEntryView.h */,
				260BE3FC17AF1E2600BEA288 /* HTBBookmarkEntryView.m */,
				260BE3FD17AF1E2600BEA288 /* HTBBookmarkRootView.h */,
				260BE3FE17AF1E2600BEA288 /* HTBBookmarkRootView.m */,
				260BE3FF17AF1E2600BEA288 /* HTBBookmarkToolbarView.h */,
				260BE40017AF1E2600BEA288 /* HTBBookmarkToolbarView.m */,
				260BE40117AF1E2600BEA288 /* HTBNavigationBar.h */,
				260BE40217AF1E2600BEA288 /* HTBNavigationBar.m */,
				260BE40317AF1E2600BEA288 /* HTBPlaceholderTextView.h */,
				260BE40417AF1E2600BEA288 /* HTBPlaceholderTextView.m */,
				260BE40517AF1E2600BEA288 /* HTBTagInputView.h */,
				260BE40617AF1E2600BEA288 /* HTBTagInputView.m */,
				260BE40717AF1E2600BEA288 /* HTBTagTextField.h */,
				260BE40817AF1E2600BEA288 /* HTBTagTextField.m */,
				260BE40917AF1E2600BEA288 /* HTBTagToolbarView.h */,
				260BE40A17AF1E2600BEA288 /* HTBTagToolbarView.m */,
				260BE40B17AF1E2600BEA288 /* HTBToggleButton.h */,
				260BE40C17AF1E2600BEA288 /* HTBToggleButton.m */,
				265F3EA417B339A100A89747 /* HTBCanonicalView.h */,
				265F3EA517B339A100A89747 /* HTBCanonicalView.m */,
			);
			path = View;
			sourceTree = "<group>";
		};
		260BE40D17AF1E2600BEA288 /* ViewController */ = {
			isa = PBXGroup;
			children = (
				260BE40E17AF1E2600BEA288 /* HTBBookmarkViewController.h */,
				260BE40F17AF1E2600BEA288 /* HTBBookmarkViewController.m */,
				260BE41017AF1E2600BEA288 /* HTBCommentViewController.h */,
				260BE41117AF1E2600BEA288 /* HTBCommentViewController.m */,
				260BE41217AF1E2600BEA288 /* HTBLoginWebViewController.h */,
				260BE41317AF1E2600BEA288 /* HTBLoginWebViewController.m */,
				260BE41417AF1E2600BEA288 /* HTBHatenaBookmarkViewController.h */,
				260BE41517AF1E2600BEA288 /* HTBHatenaBookmarkViewController.m */,
			);
			path = ViewController;
			sourceTree = "<group>";
		};
		267CCBD3178A5D3900063953 = {
			isa = PBXGroup;
			children = (
				2678C50217A0F25E0016E4B4 /* Default-568h@2x.png */,
				260BE3AB17AF1E2600BEA288 /* SDK */,
				267CCBE5178A5D3900063953 /* DemoApp */,
				26F6F1C417B0D478002475CF /* SFHFKeychainUtils */,
				26F6F1C817B0D4A9002475CF /* AFNetworking */,
				267CCBDE178A5D3900063953 /* Frameworks */,
				267CCBDD178A5D3900063953 /* Products */,
				07B2759117D719D6000412EB /* DemoAppForAutomation-Info.plist */,
				0786999117CF500F007DDCC9 /* Nocilla */,
			);
			indentWidth = 4;
			sourceTree = "<group>";
			tabWidth = 4;
			usesTabs = 0;
		};
		267CCBDD178A5D3900063953 /* Products */ = {
			isa = PBXGroup;
			children = (
				267CCBDC178A5D3900063953 /* DemoApp.app */,
				078698E717CF4A06007DDCC9 /* DemoAppForAutomation.app */,
			);
			name = Products;
			sourceTree = "<group>";
		};
		267CCBDE178A5D3900063953 /* Frameworks */ = {
			isa = PBXGroup;
			children = (
				078699E417CF5161007DDCC9 /* CFNetwork.framework */,
				265F3E9F17B22A2C00A89747 /* MobileCoreServices.framework */,
				26CA7E1117B0EED80091FF33 /* Security.framework */,
				26F6F1E517B0D549002475CF /* SystemConfiguration.framework */,
				269DCCCE17A644E900CDCDC0 /* QuartzCore.framework */,
				267CCBDF178A5D3900063953 /* Foundation.framework */,
				267CCBE1178A5D3900063953 /* CoreGraphics.framework */,
				267CCBE3178A5D3900063953 /* UIKit.framework */,
				267CCBFE178A5D3900063953 /* XCTest.framework */,
				7059EDF090D14D74B14658AE /* libPods.a */,
			);
			name = Frameworks;
			sourceTree = "<group>";
		};
		267CCBE5178A5D3900063953 /* DemoApp */ = {
			isa = PBXGroup;
			children = (
				078698E917CF4B84007DDCC9 /* Automation */,
				267CCBEE178A5D3900063953 /* HTBAppDelegate.h */,
				267CCBEF178A5D3900063953 /* HTBAppDelegate.m */,
				267CCBF1178A5D3900063953 /* Main.storyboard */,
				267CCBF4178A5D3900063953 /* HTBDemoViewController.h */,
				267CCBF5178A5D3900063953 /* HTBDemoViewController.m */,
				267CCBE6178A5D3900063953 /* Supporting Files */,
			);
			path = DemoApp;
			sourceTree = "<group>";
		};
		267CCBE6178A5D3900063953 /* Supporting Files */ = {
			isa = PBXGroup;
			children = (
				07E8AFDF17D9C25300AEB3B3 /* dummy_top.html */,
				267CCBE7178A5D3900063953 /* DemoApp-Info.plist */,
				267CCBE8178A5D3900063953 /* InfoPlist.strings */,
				267CCBEB178A5D3900063953 /* main.m */,
				267CCBED178A5D3900063953 /* DemoApp-Prefix.pch */,
			);
			name = "Supporting Files";
			sourceTree = "<group>";
		};
		26F6F1C417B0D478002475CF /* SFHFKeychainUtils */ = {
			isa = PBXGroup;
			children = (
				26F6F1C517B0D48D002475CF /* SFHFKeychainUtils.h */,
				26F6F1C617B0D48D002475CF /* SFHFKeychainUtils.m */,
			);
			name = SFHFKeychainUtils;
			path = ../SDK;
			sourceTree = "<group>";
		};
		26F6F1C817B0D4A9002475CF /* AFNetworking */ = {
			isa = PBXGroup;
			children = (
				26F6F1C917B0D4BC002475CF /* AFHTTPClient.h */,
				26F6F1CA17B0D4BC002475CF /* AFHTTPClient.m */,
				26F6F1CB17B0D4BC002475CF /* AFHTTPRequestOperation.h */,
				26F6F1CC17B0D4BC002475CF /* AFHTTPRequestOperation.m */,
				26F6F1CD17B0D4BC002475CF /* AFImageRequestOperation.h */,
				26F6F1CE17B0D4BC002475CF /* AFImageRequestOperation.m */,
				26F6F1CF17B0D4BC002475CF /* AFJSONRequestOperation.h */,
				26F6F1D017B0D4BC002475CF /* AFJSONRequestOperation.m */,
				26F6F1D117B0D4BC002475CF /* AFNetworkActivityIndicatorManager.h */,
				26F6F1D217B0D4BC002475CF /* AFNetworkActivityIndicatorManager.m */,
				26F6F1D317B0D4BC002475CF /* AFNetworking.h */,
				26F6F1D417B0D4BC002475CF /* AFPropertyListRequestOperation.h */,
				26F6F1D517B0D4BC002475CF /* AFPropertyListRequestOperation.m */,
				26F6F1D617B0D4BC002475CF /* AFURLConnectionOperation.h */,
				26F6F1D717B0D4BC002475CF /* AFURLConnectionOperation.m */,
				26F6F1D817B0D4BC002475CF /* AFXMLRequestOperation.h */,
				26F6F1D917B0D4BC002475CF /* AFXMLRequestOperation.m */,
				26F6F1DA17B0D4BC002475CF /* UIImageView+AFNetworking.h */,
				26F6F1DB17B0D4BC002475CF /* UIImageView+AFNetworking.m */,
			);
			name = AFNetworking;
			sourceTree = "<group>";
		};
/* End PBXGroup section */

/* Begin PBXNativeTarget section */
		078698AA17CF4A06007DDCC9 /* DemoAppForAutomation */ = {
			isa = PBXNativeTarget;
			buildConfigurationList = 078698E317CF4A06007DDCC9 /* Build configuration list for PBXNativeTarget "DemoAppForAutomation" */;
			buildPhases = (
				078698AB17CF4A06007DDCC9 /* Sources */,
				078698D617CF4A06007DDCC9 /* Frameworks */,
				078698DE17CF4A06007DDCC9 /* Resources */,
			);
			buildRules = (
			);
			dependencies = (
			);
			name = DemoAppForAutomation;
			productName = DemoApp;
			productReference = 078698E717CF4A06007DDCC9 /* DemoAppForAutomation.app */;
			productType = "com.apple.product-type.application";
		};
		267CCBDB178A5D3900063953 /* DemoApp */ = {
			isa = PBXNativeTarget;
			buildConfigurationList = 267CCC0E178A5D3A00063953 /* Build configuration list for PBXNativeTarget "DemoApp" */;
			buildPhases = (
				267CCBD8178A5D3900063953 /* Sources */,
				267CCBD9178A5D3900063953 /* Frameworks */,
				267CCBDA178A5D3900063953 /* Resources */,
			);
			buildRules = (
			);
			dependencies = (
			);
			name = DemoApp;
			productName = DemoApp;
			productReference = 267CCBDC178A5D3900063953 /* DemoApp.app */;
			productType = "com.apple.product-type.application";
		};
/* End PBXNativeTarget section */

/* Begin PBXProject section */
		267CCBD4178A5D3900063953 /* Project object */ = {
			isa = PBXProject;
			attributes = {
				CLASSPREFIX = HTB;
				LastUpgradeCheck = 0500;
				ORGANIZATIONNAME = "Hatena Co., Ltd.";
			};
			buildConfigurationList = 267CCBD7178A5D3900063953 /* Build configuration list for PBXProject "DemoApp" */;
			compatibilityVersion = "Xcode 3.2";
			developmentRegion = English;
			hasScannedForEncodings = 0;
			knownRegions = (
				en,
				Base,
				ja,
			);
			mainGroup = 267CCBD3178A5D3900063953;
			productRefGroup = 267CCBDD178A5D3900063953 /* Products */;
			projectDirPath = "";
			projectRoot = "";
			targets = (
				267CCBDB178A5D3900063953 /* DemoApp */,
				078698AA17CF4A06007DDCC9 /* DemoAppForAutomation */,
			);
		};
/* End PBXProject section */

/* Begin PBXResourcesBuildPhase section */
		078698DE17CF4A06007DDCC9 /* Resources */ = {
			isa = PBXResourcesBuildPhase;
			buildActionMask = 2147483647;
			files = (
				078698DF17CF4A06007DDCC9 /* InfoPlist.strings in Resources */,
				078698E017CF4A06007DDCC9 /* Main.storyboard in Resources */,
				078698E117CF4A06007DDCC9 /* Default-568h@2x.png in Resources */,
				078698E217CF4A06007DDCC9 /* HTBResources.bundle in Resources */,
				07B2759217D719D6000412EB /* DemoAppForAutomation-Info.plist in Resources */,
				1AB89F934E5BFFF71A50F635 /* favicon.ico in Resources */,
				07E8AFE017D9C25300AEB3B3 /* dummy_top.html in Resources */,
			);
			runOnlyForDeploymentPostprocessing = 0;
		};
		267CCBDA178A5D3900063953 /* Resources */ = {
			isa = PBXResourcesBuildPhase;
			buildActionMask = 2147483647;
			files = (
				267CCBEA178A5D3900063953 /* InfoPlist.strings in Resources */,
				267CCBF3178A5D3900063953 /* Main.storyboard in Resources */,
				2678C50317A0F25E0016E4B4 /* Default-568h@2x.png in Resources */,
				26F6F1C217B0BB44002475CF /* HTBResources.bundle in Resources */,
			);
			runOnlyForDeploymentPostprocessing = 0;
		};
/* End PBXResourcesBuildPhase section */

/* Begin PBXSourcesBuildPhase section */
		078698AB17CF4A06007DDCC9 /* Sources */ = {
			isa = PBXSourcesBuildPhase;
			buildActionMask = 2147483647;
			files = (
				078698AC17CF4A06007DDCC9 /* main.m in Sources */,
				078698AD17CF4A06007DDCC9 /* HTBAppDelegate.m in Sources */,
				078698AE17CF4A06007DDCC9 /* HTBDemoViewController.m in Sources */,
				078698AF17CF4A06007DDCC9 /* HTBHatenaBookmarkActivity.m in Sources */,
				078698B017CF4A06007DDCC9 /* HTBBookmarkedDataEntry.m in Sources */,
				078698B117CF4A06007DDCC9 /* HTBBookmarkEntry.m in Sources */,
				078698B217CF4A06007DDCC9 /* HTBMyEntry.m in Sources */,
				078698B317CF4A06007DDCC9 /* HTBHatenaBookmarkManager.m in Sources */,
				078698B417CF4A06007DDCC9 /* HTBUserManager.m in Sources */,
				078698B517CF4A06007DDCC9 /* HTBTagTokenizer.m in Sources */,
				078698B617CF4A06007DDCC9 /* HTBBookmarkEntryView.m in Sources */,
				078698B717CF4A06007DDCC9 /* HTBBookmarkRootView.m in Sources */,
				078698B817CF4A06007DDCC9 /* HTBBookmarkToolbarView.m in Sources */,
				078698B917CF4A06007DDCC9 /* HTBNavigationBar.m in Sources */,
				078698BA17CF4A06007DDCC9 /* HTBPlaceholderTextView.m in Sources */,
				078698BB17CF4A06007DDCC9 /* HTBTagInputView.m in Sources */,
				078698BC17CF4A06007DDCC9 /* HTBTagTextField.m in Sources */,
				078698BD17CF4A06007DDCC9 /* HTBTagToolbarView.m in Sources */,
				078698BE17CF4A06007DDCC9 /* HTBToggleButton.m in Sources */,
				078698BF17CF4A06007DDCC9 /* HTBBookmarkViewController.m in Sources */,
				078698C017CF4A06007DDCC9 /* HTBCommentViewController.m in Sources */,
				078698C117CF4A06007DDCC9 /* HTBLoginWebViewController.m in Sources */,
				078698C217CF4A06007DDCC9 /* HTBHatenaBookmarkViewController.m in Sources */,
				078698C317CF4A06007DDCC9 /* HTBUtility.m in Sources */,
				078698C417CF4A06007DDCC9 /* HTBHatenaBookmarkAPIClient.m in Sources */,
				078698C517CF4A06007DDCC9 /* HTBAFOAuth1Client.m in Sources */,
				078698C617CF4A06007DDCC9 /* SFHFKeychainUtils.m in Sources */,
				078698C717CF4A06007DDCC9 /* AFHTTPClient.m in Sources */,
				078698C817CF4A06007DDCC9 /* AFHTTPRequestOperation.m in Sources */,
				078698C917CF4A06007DDCC9 /* AFImageRequestOperation.m in Sources */,
				078698CA17CF4A06007DDCC9 /* AFJSONRequestOperation.m in Sources */,
				078698CB17CF4A06007DDCC9 /* AFNetworkActivityIndicatorManager.m in Sources */,
				078698CC17CF4A06007DDCC9 /* AFPropertyListRequestOperation.m in Sources */,
				078698CD17CF4A06007DDCC9 /* AFURLConnectionOperation.m in Sources */,
				078698CE17CF4A06007DDCC9 /* AFXMLRequestOperation.m in Sources */,
				078698CF17CF4A06007DDCC9 /* UIImageView+AFNetworking.m in Sources */,
				078698D017CF4A06007DDCC9 /* HTBMyTagsEntry.m in Sources */,
				078698D117CF4A06007DDCC9 /* HTBTagEntry.m in Sources */,
				078698D217CF4A06007DDCC9 /* HTBCanonicalEntry.m in Sources */,
				078698D317CF4A06007DDCC9 /* HTBCanonicalView.m in Sources */,
				078698D417CF4A06007DDCC9 /* UIAlertView+HTBNSError.m in Sources */,
				078698D517CF4A06007DDCC9 /* HTBAuthorizeEntry.m in Sources */,
				078698EC17CF4BAA007DDCC9 /* HTBAutomationHelper.m in Sources */,
				078699CE17CF500F007DDCC9 /* NSData+Nocilla.m in Sources */,
				078699CF17CF500F007DDCC9 /* NSString+Nocilla.m in Sources */,
				078699D017CF500F007DDCC9 /* LSHTTPRequestDiff.m in Sources */,
				078699D117CF500F007DDCC9 /* LSHTTPRequestDSLRepresentation.m in Sources */,
				078699D217CF500F007DDCC9 /* LSStubRequestDSL.m in Sources */,
				078699D317CF500F007DDCC9 /* LSStubResponseDSL.m in Sources */,
				078699D417CF500F007DDCC9 /* ASIHTTPRequestStub.m in Sources */,
				078699D517CF500F007DDCC9 /* LSASIHTTPRequestAdapter.m in Sources */,
				078699D617CF500F007DDCC9 /* LSASIHTTPRequestHook.m in Sources */,
				078699D717CF500F007DDCC9 /* LSHTTPClientHook.m in Sources */,
				078699D817CF500F007DDCC9 /* LSHTTPStubURLProtocol.m in Sources */,
				078699D917CF500F007DDCC9 /* LSNSURLHook.m in Sources */,
				078699DA17CF500F007DDCC9 /* NSURLRequest+DSL.m in Sources */,
				078699DB17CF500F007DDCC9 /* NSURLRequest+LSHTTPRequest.m in Sources */,
				078699DC17CF500F007DDCC9 /* LSNocilla.m in Sources */,
				078699DD17CF500F007DDCC9 /* LSMatcher.m in Sources */,
				078699DE17CF500F007DDCC9 /* LSRegexMatcher.m in Sources */,
				078699DF17CF500F007DDCC9 /* LSStringMatcher.m in Sources */,
				078699E017CF500F007DDCC9 /* NSRegularExpression+Matcheable.m in Sources */,
				078699E117CF500F007DDCC9 /* NSString+Matcheable.m in Sources */,
				078699E217CF500F007DDCC9 /* LSStubRequest.m in Sources */,
				078699E317CF500F007DDCC9 /* LSStubResponse.m in Sources */,
			);
			runOnlyForDeploymentPostprocessing = 0;
		};
		267CCBD8178A5D3900063953 /* Sources */ = {
			isa = PBXSourcesBuildPhase;
			buildActionMask = 2147483647;
			files = (
				267CCBEC178A5D3900063953 /* main.m in Sources */,
				267CCBF0178A5D3900063953 /* HTBAppDelegate.m in Sources */,
				267CCBF6178A5D3900063953 /* HTBDemoViewController.m in Sources */,
				260BE44D17AF1E2600BEA288 /* HTBHatenaBookmarkActivity.m in Sources */,
				260BE44F17AF1E2600BEA288 /* HTBBookmarkedDataEntry.m in Sources */,
				260BE45017AF1E2600BEA288 /* HTBBookmarkEntry.m in Sources */,
				260BE45117AF1E2600BEA288 /* HTBMyEntry.m in Sources */,
				260BE45217AF1E2600BEA288 /* HTBHatenaBookmarkManager.m in Sources */,
				260BE45317AF1E2600BEA288 /* HTBUserManager.m in Sources */,
				260BE45417AF1E2600BEA288 /* HTBTagTokenizer.m in Sources */,
				260BE45517AF1E2600BEA288 /* HTBBookmarkEntryView.m in Sources */,
				260BE45617AF1E2600BEA288 /* HTBBookmarkRootView.m in Sources */,
				260BE45717AF1E2600BEA288 /* HTBBookmarkToolbarView.m in Sources */,
				260BE45817AF1E2600BEA288 /* HTBNavigationBar.m in Sources */,
				260BE45917AF1E2600BEA288 /* HTBPlaceholderTextView.m in Sources */,
				260BE45A17AF1E2600BEA288 /* HTBTagInputView.m in Sources */,
				260BE45B17AF1E2600BEA288 /* HTBTagTextField.m in Sources */,
				260BE45C17AF1E2600BEA288 /* HTBTagToolbarView.m in Sources */,
				260BE45D17AF1E2600BEA288 /* HTBToggleButton.m in Sources */,
				260BE45E17AF1E2600BEA288 /* HTBBookmarkViewController.m in Sources */,
				260BE45F17AF1E2600BEA288 /* HTBCommentViewController.m in Sources */,
				260BE46017AF1E2600BEA288 /* HTBLoginWebViewController.m in Sources */,
				260BE46117AF1E2600BEA288 /* HTBHatenaBookmarkViewController.m in Sources */,
				268A35CC17AF32D60089ED47 /* HTBUtility.m in Sources */,
				26F6F1BD17B0A7D1002475CF /* HTBHatenaBookmarkAPIClient.m in Sources */,
				26F6F1C017B0A7DB002475CF /* HTBAFOAuth1Client.m in Sources */,
				26F6F1C717B0D48D002475CF /* SFHFKeychainUtils.m in Sources */,
				26F6F1DC17B0D4BC002475CF /* AFHTTPClient.m in Sources */,
				26F6F1DD17B0D4BC002475CF /* AFHTTPRequestOperation.m in Sources */,
				26F6F1DE17B0D4BC002475CF /* AFImageRequestOperation.m in Sources */,
				26F6F1DF17B0D4BC002475CF /* AFJSONRequestOperation.m in Sources */,
				26F6F1E017B0D4BC002475CF /* AFNetworkActivityIndicatorManager.m in Sources */,
				26F6F1E117B0D4BC002475CF /* AFPropertyListRequestOperation.m in Sources */,
				26F6F1E217B0D4BC002475CF /* AFURLConnectionOperation.m in Sources */,
				26F6F1E317B0D4BC002475CF /* AFXMLRequestOperation.m in Sources */,
				26F6F1E417B0D4BC002475CF /* UIImageView+AFNetworking.m in Sources */,
				265F3E9B17B21D1400A89747 /* HTBMyTagsEntry.m in Sources */,
				265F3E9E17B21E4A00A89747 /* HTBTagEntry.m in Sources */,
				265F3EA317B2360E00A89747 /* HTBCanonicalEntry.m in Sources */,
				265F3EA617B339A200A89747 /* HTBCanonicalView.m in Sources */,
				265F3EAA17B4EA2200A89747 /* UIAlertView+HTBNSError.m in Sources */,
				071C366017BE0478008EDF40 /* HTBAuthorizeEntry.m in Sources */,
			);
			runOnlyForDeploymentPostprocessing = 0;
		};
/* End PBXSourcesBuildPhase section */

/* Begin PBXVariantGroup section */
		267CCBE8178A5D3900063953 /* InfoPlist.strings */ = {
			isa = PBXVariantGroup;
			children = (
				267CCBE9178A5D3900063953 /* en */,
				26F6F1BA17AF929E002475CF /* ja */,
			);
			name = InfoPlist.strings;
			sourceTree = "<group>";
		};
		267CCBF1178A5D3900063953 /* Main.storyboard */ = {
			isa = PBXVariantGroup;
			children = (
				26F6F1C317B0C08E002475CF /* en */,
			);
			name = Main.storyboard;
			sourceTree = "<group>";
		};
/* End PBXVariantGroup section */

/* Begin XCBuildConfiguration section */
		0786986817CF47D4007DDCC9 /* Automation */ = {
			isa = XCBuildConfiguration;
			buildSettings = {
				ALWAYS_SEARCH_USER_PATHS = NO;
				CLANG_CXX_LANGUAGE_STANDARD = "gnu++0x";
				CLANG_CXX_LIBRARY = "libc++";
				CLANG_ENABLE_MODULES = YES;
				CLANG_ENABLE_OBJC_ARC = YES;
				CLANG_WARN_BOOL_CONVERSION = YES;
				CLANG_WARN_CONSTANT_CONVERSION = YES;
				CLANG_WARN_DIRECT_OBJC_ISA_USAGE = YES_ERROR;
				CLANG_WARN_EMPTY_BODY = YES;
				CLANG_WARN_ENUM_CONVERSION = YES;
				CLANG_WARN_INT_CONVERSION = YES;
				CLANG_WARN_OBJC_ROOT_CLASS = YES_ERROR;
				CLANG_WARN__DUPLICATE_METHOD_MATCH = YES;
				"CODE_SIGN_IDENTITY[sdk=iphoneos*]" = "iPhone Developer";
				COPY_PHASE_STRIP = NO;
				GCC_C_LANGUAGE_STANDARD = gnu99;
				GCC_DYNAMIC_NO_PIC = NO;
				GCC_OPTIMIZATION_LEVEL = 0;
				GCC_PREPROCESSOR_DEFINITIONS = (
					"DEBUG=1",
					"$(inherited)",
				);
				GCC_SYMBOLS_PRIVATE_EXTERN = NO;
				GCC_WARN_ABOUT_RETURN_TYPE = YES_ERROR;
				GCC_WARN_UNDECLARED_SELECTOR = YES;
				GCC_WARN_UNINITIALIZED_AUTOS = YES;
				GCC_WARN_UNUSED_FUNCTION = YES;
				GCC_WARN_UNUSED_VARIABLE = YES;
				IPHONEOS_DEPLOYMENT_TARGET = 5.0;
				ONLY_ACTIVE_ARCH = YES;
				SDKROOT = iphoneos;
			};
			name = Automation;
		};
		0786986917CF47D4007DDCC9 /* Automation */ = {
			isa = XCBuildConfiguration;
			buildSettings = {
				ASSETCATALOG_COMPILER_APPICON_NAME = AppIcon;
				ASSETCATALOG_COMPILER_LAUNCHIMAGE_NAME = LaunchImage;
				DEBUG_INFORMATION_FORMAT = dwarf;
				FRAMEWORK_SEARCH_PATHS = (
					"$(inherited)",
					"\"$(SRCROOT)/../../../../2013-08-10/Reveal.app/Contents/SharedSupport/iOS-Libraries\"",
				);
				GCC_PRECOMPILE_PREFIX_HEADER = YES;
				GCC_PREFIX_HEADER = "DemoApp/DemoApp-Prefix.pch";
				INFOPLIST_FILE = "DemoApp/DemoApp-Info.plist";
				IPHONEOS_DEPLOYMENT_TARGET = 5.0;
				ONLY_ACTIVE_ARCH = YES;
				PRODUCT_NAME = "$(TARGET_NAME)";
				SDKROOT = iphoneos;
				TARGETED_DEVICE_FAMILY = "1,2";
				WRAPPER_EXTENSION = app;
			};
			name = Automation;
		};
		078698E417CF4A06007DDCC9 /* Debug */ = {
			isa = XCBuildConfiguration;
			buildSettings = {
				ASSETCATALOG_COMPILER_APPICON_NAME = AppIcon;
				ASSETCATALOG_COMPILER_LAUNCHIMAGE_NAME = LaunchImage;
				DEBUG_INFORMATION_FORMAT = dwarf;
				FRAMEWORK_SEARCH_PATHS = (
					"$(inherited)",
					"\"$(SRCROOT)/../../../../2013-08-10/Reveal.app/Contents/SharedSupport/iOS-Libraries\"",
				);
				GCC_PRECOMPILE_PREFIX_HEADER = YES;
				GCC_PREFIX_HEADER = "DemoApp/DemoApp-Prefix.pch";
				INFOPLIST_FILE = "DemoAppForAutomation-Info.plist";
				IPHONEOS_DEPLOYMENT_TARGET = 5.0;
				ONLY_ACTIVE_ARCH = YES;
				PRODUCT_NAME = DemoAppForAutomation;
				SDKROOT = iphoneos;
				TARGETED_DEVICE_FAMILY = "1,2";
				WRAPPER_EXTENSION = app;
			};
			name = Debug;
		};
		078698E517CF4A06007DDCC9 /* Automation */ = {
			isa = XCBuildConfiguration;
			buildSettings = {
				ASSETCATALOG_COMPILER_APPICON_NAME = AppIcon;
				ASSETCATALOG_COMPILER_LAUNCHIMAGE_NAME = LaunchImage;
				DEBUG_INFORMATION_FORMAT = dwarf;
				FRAMEWORK_SEARCH_PATHS = (
					"$(inherited)",
					"\"$(SRCROOT)/../../../../2013-08-10/Reveal.app/Contents/SharedSupport/iOS-Libraries\"",
				);
				GCC_PRECOMPILE_PREFIX_HEADER = YES;
				GCC_PREFIX_HEADER = "DemoApp/DemoApp-Prefix.pch";
				GCC_PREPROCESSOR_DEFINITIONS = (
					"AUTOMATION=1",
					"$(inherited)",
				);
				INFOPLIST_FILE = "DemoAppForAutomation-Info.plist";
				IPHONEOS_DEPLOYMENT_TARGET = 5.0;
				ONLY_ACTIVE_ARCH = YES;
				PRODUCT_NAME = DemoAppForAutomation;
				SDKROOT = iphoneos;
				TARGETED_DEVICE_FAMILY = "1,2";
				WRAPPER_EXTENSION = app;
			};
			name = Automation;
		};
		078698E617CF4A06007DDCC9 /* Release */ = {
			isa = XCBuildConfiguration;
			buildSettings = {
				ASSETCATALOG_COMPILER_APPICON_NAME = AppIcon;
				ASSETCATALOG_COMPILER_LAUNCHIMAGE_NAME = LaunchImage;
				CODE_SIGN_IDENTITY = "iPhone Distribution";
				"CODE_SIGN_IDENTITY[sdk=iphoneos*]" = "iPhone Distribution";
				DEBUG_INFORMATION_FORMAT = dwarf;
				FRAMEWORK_SEARCH_PATHS = (
					"$(inherited)",
					"\"$(SRCROOT)/../../../../2013-08-10/Reveal.app/Contents/SharedSupport/iOS-Libraries\"",
				);
				GCC_PRECOMPILE_PREFIX_HEADER = YES;
				GCC_PREFIX_HEADER = "DemoApp/DemoApp-Prefix.pch";
				INFOPLIST_FILE = "DemoAppForAutomation-Info.plist";
				IPHONEOS_DEPLOYMENT_TARGET = 5.0;
				ONLY_ACTIVE_ARCH = NO;
				PRODUCT_NAME = DemoAppForAutomation;
				PROVISIONING_PROFILE = "";
				"PROVISIONING_PROFILE[sdk=iphoneos*]" = "";
				SDKROOT = iphoneos;
				TARGETED_DEVICE_FAMILY = "1,2";
				WRAPPER_EXTENSION = app;
			};
			name = Release;
		};
		267CCC0C178A5D3A00063953 /* Debug */ = {
			isa = XCBuildConfiguration;
			buildSettings = {
				ALWAYS_SEARCH_USER_PATHS = NO;
				CLANG_CXX_LANGUAGE_STANDARD = "gnu++0x";
				CLANG_CXX_LIBRARY = "libc++";
				CLANG_ENABLE_MODULES = YES;
				CLANG_ENABLE_OBJC_ARC = YES;
				CLANG_WARN_BOOL_CONVERSION = YES;
				CLANG_WARN_CONSTANT_CONVERSION = YES;
				CLANG_WARN_DIRECT_OBJC_ISA_USAGE = YES_ERROR;
				CLANG_WARN_EMPTY_BODY = YES;
				CLANG_WARN_ENUM_CONVERSION = YES;
				CLANG_WARN_INT_CONVERSION = YES;
				CLANG_WARN_OBJC_ROOT_CLASS = YES_ERROR;
				CLANG_WARN__DUPLICATE_METHOD_MATCH = YES;
				"CODE_SIGN_IDENTITY[sdk=iphoneos*]" = "iPhone Developer";
				COPY_PHASE_STRIP = NO;
				GCC_C_LANGUAGE_STANDARD = gnu99;
				GCC_DYNAMIC_NO_PIC = NO;
				GCC_OPTIMIZATION_LEVEL = 0;
				GCC_PREPROCESSOR_DEFINITIONS = (
					"DEBUG=1",
					"$(inherited)",
				);
				GCC_SYMBOLS_PRIVATE_EXTERN = NO;
				GCC_WARN_ABOUT_RETURN_TYPE = YES_ERROR;
				GCC_WARN_UNDECLARED_SELECTOR = YES;
				GCC_WARN_UNINITIALIZED_AUTOS = YES;
				GCC_WARN_UNUSED_FUNCTION = YES;
				GCC_WARN_UNUSED_VARIABLE = YES;
				IPHONEOS_DEPLOYMENT_TARGET = 5.0;
				ONLY_ACTIVE_ARCH = YES;
				SDKROOT = iphoneos;
			};
			name = Debug;
		};
		267CCC0D178A5D3A00063953 /* Release */ = {
			isa = XCBuildConfiguration;
			buildSettings = {
				ALWAYS_SEARCH_USER_PATHS = NO;
				CLANG_CXX_LANGUAGE_STANDARD = "gnu++0x";
				CLANG_CXX_LIBRARY = "libc++";
				CLANG_ENABLE_MODULES = YES;
				CLANG_ENABLE_OBJC_ARC = YES;
				CLANG_WARN_BOOL_CONVERSION = YES;
				CLANG_WARN_CONSTANT_CONVERSION = YES;
				CLANG_WARN_DIRECT_OBJC_ISA_USAGE = YES_ERROR;
				CLANG_WARN_EMPTY_BODY = YES;
				CLANG_WARN_ENUM_CONVERSION = YES;
				CLANG_WARN_INT_CONVERSION = YES;
				CLANG_WARN_OBJC_ROOT_CLASS = YES_ERROR;
				CLANG_WARN__DUPLICATE_METHOD_MATCH = YES;
				"CODE_SIGN_IDENTITY[sdk=iphoneos*]" = "iPhone Developer";
				COPY_PHASE_STRIP = YES;
				ENABLE_NS_ASSERTIONS = NO;
				GCC_C_LANGUAGE_STANDARD = gnu99;
				GCC_WARN_ABOUT_RETURN_TYPE = YES_ERROR;
				GCC_WARN_UNDECLARED_SELECTOR = YES;
				GCC_WARN_UNINITIALIZED_AUTOS = YES;
				GCC_WARN_UNUSED_FUNCTION = YES;
				GCC_WARN_UNUSED_VARIABLE = YES;
				IPHONEOS_DEPLOYMENT_TARGET = 5.0;
				SDKROOT = iphoneos;
				VALIDATE_PRODUCT = YES;
			};
			name = Release;
		};
		267CCC0F178A5D3A00063953 /* Debug */ = {
			isa = XCBuildConfiguration;
			buildSettings = {
				ASSETCATALOG_COMPILER_APPICON_NAME = AppIcon;
				ASSETCATALOG_COMPILER_LAUNCHIMAGE_NAME = LaunchImage;
				DEBUG_INFORMATION_FORMAT = dwarf;
				FRAMEWORK_SEARCH_PATHS = (
					"$(inherited)",
					"\"$(SRCROOT)/../../../../2013-08-10/Reveal.app/Contents/SharedSupport/iOS-Libraries\"",
				);
				GCC_PRECOMPILE_PREFIX_HEADER = YES;
				GCC_PREFIX_HEADER = "DemoApp/DemoApp-Prefix.pch";
				INFOPLIST_FILE = "DemoApp/DemoApp-Info.plist";
				IPHONEOS_DEPLOYMENT_TARGET = 5.0;
				ONLY_ACTIVE_ARCH = YES;
				PRODUCT_NAME = "$(TARGET_NAME)";
				SDKROOT = iphoneos;
				TARGETED_DEVICE_FAMILY = "1,2";
				WRAPPER_EXTENSION = app;
			};
			name = Debug;
		};
		267CCC10178A5D3A00063953 /* Release */ = {
			isa = XCBuildConfiguration;
			buildSettings = {
				ASSETCATALOG_COMPILER_APPICON_NAME = AppIcon;
				ASSETCATALOG_COMPILER_LAUNCHIMAGE_NAME = LaunchImage;
				CODE_SIGN_IDENTITY = "iPhone Distribution";
				"CODE_SIGN_IDENTITY[sdk=iphoneos*]" = "iPhone Distribution";
				DEBUG_INFORMATION_FORMAT = dwarf;
				FRAMEWORK_SEARCH_PATHS = (
					"$(inherited)",
					"\"$(SRCROOT)/../../../../2013-08-10/Reveal.app/Contents/SharedSupport/iOS-Libraries\"",
				);
				GCC_PRECOMPILE_PREFIX_HEADER = YES;
				GCC_PREFIX_HEADER = "DemoApp/DemoApp-Prefix.pch";
				INFOPLIST_FILE = "DemoApp/DemoApp-Info.plist";
				IPHONEOS_DEPLOYMENT_TARGET = 5.0;
				ONLY_ACTIVE_ARCH = NO;
				PRODUCT_NAME = "$(TARGET_NAME)";
				PROVISIONING_PROFILE = "";
				"PROVISIONING_PROFILE[sdk=iphoneos*]" = "";
				SDKROOT = iphoneos;
				TARGETED_DEVICE_FAMILY = "1,2";
				WRAPPER_EXTENSION = app;
			};
			name = Release;
		};
/* End XCBuildConfiguration section */

/* Begin XCConfigurationList section */
		078698E317CF4A06007DDCC9 /* Build configuration list for PBXNativeTarget "DemoAppForAutomation" */ = {
			isa = XCConfigurationList;
			buildConfigurations = (
				078698E417CF4A06007DDCC9 /* Debug */,
				078698E517CF4A06007DDCC9 /* Automation */,
				078698E617CF4A06007DDCC9 /* Release */,
			);
			defaultConfigurationIsVisible = 0;
			defaultConfigurationName = Release;
		};
		267CCBD7178A5D3900063953 /* Build configuration list for PBXProject "DemoApp" */ = {
			isa = XCConfigurationList;
			buildConfigurations = (
				267CCC0C178A5D3A00063953 /* Debug */,
				0786986817CF47D4007DDCC9 /* Automation */,
				267CCC0D178A5D3A00063953 /* Release */,
			);
			defaultConfigurationIsVisible = 0;
			defaultConfigurationName = Release;
		};
		267CCC0E178A5D3A00063953 /* Build configuration list for PBXNativeTarget "DemoApp" */ = {
			isa = XCConfigurationList;
			buildConfigurations = (
				267CCC0F178A5D3A00063953 /* Debug */,
				0786986917CF47D4007DDCC9 /* Automation */,
				267CCC10178A5D3A00063953 /* Release */,
			);
			defaultConfigurationIsVisible = 0;
			defaultConfigurationName = Release;
		};
/* End XCConfigurationList section */
	};
	rootObject = 267CCBD4178A5D3900063953 /* Project object */;
}
